{
  "version": 4,
  "terraform_version": "1.3.9",
  "serial": 240,
  "lineage": "7cdb9695-a4ac-0ef2-4dba-c301ac8447ac",
  "outputs": {},
  "resources": [
    {
      "module": "module.artifact_registry",
      "mode": "data",
      "type": "google_service_account",
      "name": "terraform_service_account",
      "provider": "provider[\"registry.terraform.io/hashicorp/google\"]",
      "instances": [
        {
          "schema_version": 0,
          "attributes": {
            "account_id": "socio-torcedor-api-terraform",
            "display_name": "Cloud Build Service Account para OPS",
            "email": "socio-torcedor-api-terraform@socio-torcedor-api.iam.gserviceaccount.com",
            "id": "projects/socio-torcedor-api/serviceAccounts/socio-torcedor-api-terraform@socio-torcedor-api.iam.gserviceaccount.com",
            "member": "serviceAccount:socio-torcedor-api-terraform@socio-torcedor-api.iam.gserviceaccount.com",
            "name": "projects/socio-torcedor-api/serviceAccounts/socio-torcedor-api-terraform@socio-torcedor-api.iam.gserviceaccount.com",
            "project": "socio-torcedor-api",
            "unique_id": "115220265355074638466"
          },
          "sensitive_attributes": []
        }
      ]
    },
    {
      "module": "module.artifact_registry",
      "mode": "managed",
      "type": "google_artifact_registry_repository",
      "name": "registry",
      "provider": "provider[\"registry.terraform.io/hashicorp/google-beta\"]",
      "instances": [
        {
          "schema_version": 0,
          "attributes": {
            "create_time": "2023-04-16T16:24:13.715902Z",
            "description": "Socio Torcedor Docker Images",
            "docker_config": [],
            "format": "DOCKER",
            "id": "projects/socio-torcedor-api/locations/us-central1/repositories/socio-torcedor",
            "kms_key_name": "",
            "labels": {},
            "location": "us-central1",
            "maven_config": [],
            "mode": "STANDARD_REPOSITORY",
            "name": "socio-torcedor",
            "project": "socio-torcedor-api",
            "remote_repository_config": [],
            "repository_id": "socio-torcedor",
            "timeouts": null,
            "update_time": "2023-04-16T16:24:13.715902Z",
            "virtual_repository_config": []
          },
          "sensitive_attributes": [],
          "private": "eyJlMmJmYjczMC1lY2FhLTExZTYtOGY4OC0zNDM2M2JjN2M0YzAiOnsiY3JlYXRlIjoxMjAwMDAwMDAwMDAwLCJkZWxldGUiOjEyMDAwMDAwMDAwMDAsInVwZGF0ZSI6MTIwMDAwMDAwMDAwMH19",
          "dependencies": [
            "module.ci_cd.data.google_service_account.terraform_service_account",
            "module.ci_cd.google_cloudbuild_trigger.cicd_backend_trigger",
            "module.ci_cd.google_storage_bucket.cicd_merge_build_logs",
            "module.ci_cd.google_storage_bucket.cicd_pr_build_logs",
            "module.ci_cd.google_storage_bucket.dev_branch_build_logs",
            "module.ci_cd.google_storage_bucket.ops_merge_build_logs",
            "module.ci_cd.google_storage_bucket.ops_pr_build_logs",
            "module.project_ops.data.google_compute_default_service_account.default",
            "module.project_ops.google_project_iam_member.project_service_identity_roles",
            "module.project_ops.google_project_service.project_services",
            "module.project_ops.google_project_service_identity.project_service_identities",
            "module.service_accounts.google_project_iam_member.artifactregistry_admin",
            "module.service_accounts.google_project_iam_member.cloud_build_editor",
            "module.service_accounts.google_project_iam_member.cloudsql_admin",
            "module.service_accounts.google_project_iam_member.logs_writer",
            "module.service_accounts.google_project_iam_member.network_admin",
            "module.service_accounts.google_project_iam_member.run_admin",
            "module.service_accounts.google_project_iam_member.serviceAccount_admin",
            "module.service_accounts.google_project_iam_member.service_account_creator",
            "module.service_accounts.google_project_iam_member.service_usage_admin",
            "module.service_accounts.google_project_iam_member.servicemanagement_admin",
            "module.service_accounts.google_project_iam_member.storage_admin",
            "module.service_accounts.google_project_iam_member.vpcaccess_admin",
            "module.service_accounts.google_service_account.terraform_service_account"
          ]
        }
      ]
    },
    {
      "module": "module.artifact_registry",
      "mode": "managed",
      "type": "google_artifact_registry_repository_iam_member",
      "name": "member",
      "provider": "provider[\"registry.terraform.io/hashicorp/google-beta\"]",
      "instances": [
        {
          "schema_version": 0,
          "attributes": {
            "condition": [],
            "etag": "BwX5d2Gr5uc=",
            "id": "projects/socio-torcedor-api/locations/us-central1/repositories/socio-torcedor/roles/artifactregistry.admin/serviceAccount:socio-torcedor-api-terraform@socio-torcedor-api.iam.gserviceaccount.com",
            "location": "us-central1",
            "member": "serviceAccount:socio-torcedor-api-terraform@socio-torcedor-api.iam.gserviceaccount.com",
            "project": "socio-torcedor-api",
            "repository": "projects/socio-torcedor-api/locations/us-central1/repositories/socio-torcedor",
            "role": "roles/artifactregistry.admin"
          },
          "sensitive_attributes": [],
          "private": "bnVsbA==",
          "dependencies": [
            "module.artifact_registry.data.google_service_account.terraform_service_account",
            "module.artifact_registry.google_artifact_registry_repository.registry",
            "module.ci_cd.data.google_service_account.terraform_service_account",
            "module.ci_cd.google_cloudbuild_trigger.cicd_backend_trigger",
            "module.ci_cd.google_storage_bucket.cicd_merge_build_logs",
            "module.ci_cd.google_storage_bucket.cicd_pr_build_logs",
            "module.ci_cd.google_storage_bucket.dev_branch_build_logs",
            "module.ci_cd.google_storage_bucket.ops_merge_build_logs",
            "module.ci_cd.google_storage_bucket.ops_pr_build_logs",
            "module.project_ops.data.google_compute_default_service_account.default",
            "module.project_ops.google_project_iam_member.project_service_identity_roles",
            "module.project_ops.google_project_service.project_services",
            "module.project_ops.google_project_service_identity.project_service_identities",
            "module.service_accounts.google_project_iam_member.artifactregistry_admin",
            "module.service_accounts.google_project_iam_member.cloud_build_editor",
            "module.service_accounts.google_project_iam_member.cloudsql_admin",
            "module.service_accounts.google_project_iam_member.logs_writer",
            "module.service_accounts.google_project_iam_member.network_admin",
            "module.service_accounts.google_project_iam_member.run_admin",
            "module.service_accounts.google_project_iam_member.serviceAccount_admin",
            "module.service_accounts.google_project_iam_member.service_account_creator",
            "module.service_accounts.google_project_iam_member.service_usage_admin",
            "module.service_accounts.google_project_iam_member.servicemanagement_admin",
            "module.service_accounts.google_project_iam_member.storage_admin",
            "module.service_accounts.google_project_iam_member.vpcaccess_admin",
            "module.service_accounts.google_service_account.terraform_service_account"
          ]
        }
      ]
    },
    {
      "module": "module.ci_cd",
      "mode": "data",
      "type": "google_service_account",
      "name": "terraform_service_account",
      "provider": "provider[\"registry.terraform.io/hashicorp/google\"]",
      "instances": [
        {
          "schema_version": 0,
          "attributes": {
            "account_id": "socio-torcedor-api-terraform",
            "display_name": "Cloud Build Service Account para OPS",
            "email": "socio-torcedor-api-terraform@socio-torcedor-api.iam.gserviceaccount.com",
            "id": "projects/socio-torcedor-api/serviceAccounts/socio-torcedor-api-terraform@socio-torcedor-api.iam.gserviceaccount.com",
            "member": "serviceAccount:socio-torcedor-api-terraform@socio-torcedor-api.iam.gserviceaccount.com",
            "name": "projects/socio-torcedor-api/serviceAccounts/socio-torcedor-api-terraform@socio-torcedor-api.iam.gserviceaccount.com",
            "project": "socio-torcedor-api",
            "unique_id": "115220265355074638466"
          },
          "sensitive_attributes": []
        }
      ]
    },
    {
      "module": "module.ci_cd",
      "mode": "managed",
      "type": "google_cloudbuild_trigger",
      "name": "cicd_backend_trigger",
      "provider": "provider[\"registry.terraform.io/hashicorp/google\"]",
      "instances": [
        {
          "schema_version": 2,
          "attributes": {
            "approval_config": [
              {
                "approval_required": false
              }
            ],
            "bitbucket_server_trigger_config": [],
            "build": [],
            "create_time": "2023-04-16T17:26:54.282225874Z",
            "description": "",
            "disabled": false,
            "filename": "ci/cloudbuild-backend.yaml",
            "filter": "",
            "git_file_source": [],
            "github": [
              {
                "enterprise_config_resource_name": "",
                "name": "socio-torcedor-api",
                "owner": "dudubernardino",
                "pull_request": [],
                "push": [
                  {
                    "branch": "^main$",
                    "invert_regex": false,
                    "tag": ""
                  }
                ]
              }
            ],
            "id": "projects/socio-torcedor-api/triggers/41c9d1cd-423a-48d6-be81-675c5ce0d24e",
            "ignored_files": null,
            "include_build_logs": "",
            "included_files": null,
            "location": "global",
            "name": "socio-torcedor-backend-merge",
            "project": "socio-torcedor-api",
            "pubsub_config": [],
            "service_account": "projects/socio-torcedor-api/serviceAccounts/socio-torcedor-api-terraform@socio-torcedor-api.iam.gserviceaccount.com",
            "source_to_build": [],
            "substitutions": null,
            "tags": null,
            "timeouts": null,
            "trigger_id": "41c9d1cd-423a-48d6-be81-675c5ce0d24e",
            "trigger_template": [],
            "webhook_config": []
          },
          "sensitive_attributes": [],
          "private": "eyJlMmJmYjczMC1lY2FhLTExZTYtOGY4OC0zNDM2M2JjN2M0YzAiOnsiY3JlYXRlIjoxMjAwMDAwMDAwMDAwLCJkZWxldGUiOjEyMDAwMDAwMDAwMDAsInVwZGF0ZSI6MTIwMDAwMDAwMDAwMH0sInNjaGVtYV92ZXJzaW9uIjoiMiJ9",
          "dependencies": [
            "module.ci_cd.data.google_service_account.terraform_service_account",
            "module.project_ops.data.google_compute_default_service_account.default",
            "module.project_ops.google_project_iam_member.project_service_identity_roles",
            "module.project_ops.google_project_service.project_services",
            "module.project_ops.google_project_service_identity.project_service_identities",
            "module.service_accounts.google_project_iam_member.artifactregistry_admin",
            "module.service_accounts.google_project_iam_member.cloud_build_editor",
            "module.service_accounts.google_project_iam_member.cloudsql_admin",
            "module.service_accounts.google_project_iam_member.logs_writer",
            "module.service_accounts.google_project_iam_member.network_admin",
            "module.service_accounts.google_project_iam_member.run_admin",
            "module.service_accounts.google_project_iam_member.serviceAccount_admin",
            "module.service_accounts.google_project_iam_member.service_account_creator",
            "module.service_accounts.google_project_iam_member.service_usage_admin",
            "module.service_accounts.google_project_iam_member.servicemanagement_admin",
            "module.service_accounts.google_project_iam_member.storage_admin",
            "module.service_accounts.google_project_iam_member.vpcaccess_admin",
            "module.service_accounts.google_service_account.terraform_service_account"
          ]
        }
      ]
    },
    {
      "module": "module.ci_cd",
      "mode": "managed",
      "type": "google_storage_bucket",
      "name": "cicd_merge_build_logs",
      "provider": "provider[\"registry.terraform.io/hashicorp/google\"]",
      "instances": [
        {
          "schema_version": 0,
          "attributes": {
            "autoclass": [],
            "cors": [],
            "custom_placement_config": [],
            "default_event_based_hold": false,
            "encryption": [],
            "force_destroy": true,
            "id": "socio-torcedor-api-cicd-merge-build-logs",
            "labels": {},
            "lifecycle_rule": [
              {
                "action": [
                  {
                    "storage_class": "",
                    "type": "Delete"
                  }
                ],
                "condition": [
                  {
                    "age": 90,
                    "created_before": "",
                    "custom_time_before": "",
                    "days_since_custom_time": 0,
                    "days_since_noncurrent_time": 0,
                    "matches_prefix": [],
                    "matches_storage_class": [],
                    "matches_suffix": [],
                    "noncurrent_time_before": "",
                    "num_newer_versions": 0,
                    "with_state": "ANY"
                  }
                ]
              }
            ],
            "location": "US-CENTRAL1",
            "logging": [],
            "name": "socio-torcedor-api-cicd-merge-build-logs",
            "project": "socio-torcedor-api",
            "public_access_prevention": "inherited",
            "requester_pays": false,
            "retention_policy": [],
            "self_link": "https://www.googleapis.com/storage/v1/b/socio-torcedor-api-cicd-merge-build-logs",
            "storage_class": "STANDARD",
            "timeouts": null,
            "uniform_bucket_level_access": false,
            "url": "gs://socio-torcedor-api-cicd-merge-build-logs",
            "versioning": [],
            "website": []
          },
          "sensitive_attributes": [],
          "private": "eyJlMmJmYjczMC1lY2FhLTExZTYtOGY4OC0zNDM2M2JjN2M0YzAiOnsiY3JlYXRlIjo2MDAwMDAwMDAwMDAsInJlYWQiOjI0MDAwMDAwMDAwMCwidXBkYXRlIjoyNDAwMDAwMDAwMDB9fQ==",
          "dependencies": [
            "module.project_ops.data.google_compute_default_service_account.default",
            "module.project_ops.google_project_iam_member.project_service_identity_roles",
            "module.project_ops.google_project_service.project_services",
            "module.project_ops.google_project_service_identity.project_service_identities",
            "module.service_accounts.google_project_iam_member.artifactregistry_admin",
            "module.service_accounts.google_project_iam_member.cloud_build_editor",
            "module.service_accounts.google_project_iam_member.cloudsql_admin",
            "module.service_accounts.google_project_iam_member.logs_writer",
            "module.service_accounts.google_project_iam_member.network_admin",
            "module.service_accounts.google_project_iam_member.run_admin",
            "module.service_accounts.google_project_iam_member.serviceAccount_admin",
            "module.service_accounts.google_project_iam_member.service_account_creator",
            "module.service_accounts.google_project_iam_member.service_usage_admin",
            "module.service_accounts.google_project_iam_member.servicemanagement_admin",
            "module.service_accounts.google_project_iam_member.storage_admin",
            "module.service_accounts.google_project_iam_member.vpcaccess_admin",
            "module.service_accounts.google_service_account.terraform_service_account"
          ]
        }
      ]
    },
    {
      "module": "module.ci_cd",
      "mode": "managed",
      "type": "google_storage_bucket",
      "name": "cicd_pr_build_logs",
      "provider": "provider[\"registry.terraform.io/hashicorp/google\"]",
      "instances": [
        {
          "schema_version": 0,
          "attributes": {
            "autoclass": [],
            "cors": [],
            "custom_placement_config": [],
            "default_event_based_hold": false,
            "encryption": [],
            "force_destroy": true,
            "id": "socio-torcedor-api-cicd-pr-build-logs",
            "labels": {},
            "lifecycle_rule": [
              {
                "action": [
                  {
                    "storage_class": "",
                    "type": "Delete"
                  }
                ],
                "condition": [
                  {
                    "age": 90,
                    "created_before": "",
                    "custom_time_before": "",
                    "days_since_custom_time": 0,
                    "days_since_noncurrent_time": 0,
                    "matches_prefix": [],
                    "matches_storage_class": [],
                    "matches_suffix": [],
                    "noncurrent_time_before": "",
                    "num_newer_versions": 0,
                    "with_state": "ANY"
                  }
                ]
              }
            ],
            "location": "US-CENTRAL1",
            "logging": [],
            "name": "socio-torcedor-api-cicd-pr-build-logs",
            "project": "socio-torcedor-api",
            "public_access_prevention": "inherited",
            "requester_pays": false,
            "retention_policy": [],
            "self_link": "https://www.googleapis.com/storage/v1/b/socio-torcedor-api-cicd-pr-build-logs",
            "storage_class": "STANDARD",
            "timeouts": null,
            "uniform_bucket_level_access": false,
            "url": "gs://socio-torcedor-api-cicd-pr-build-logs",
            "versioning": [],
            "website": []
          },
          "sensitive_attributes": [],
          "private": "eyJlMmJmYjczMC1lY2FhLTExZTYtOGY4OC0zNDM2M2JjN2M0YzAiOnsiY3JlYXRlIjo2MDAwMDAwMDAwMDAsInJlYWQiOjI0MDAwMDAwMDAwMCwidXBkYXRlIjoyNDAwMDAwMDAwMDB9fQ==",
          "dependencies": [
            "module.project_ops.data.google_compute_default_service_account.default",
            "module.project_ops.google_project_iam_member.project_service_identity_roles",
            "module.project_ops.google_project_service.project_services",
            "module.project_ops.google_project_service_identity.project_service_identities",
            "module.service_accounts.google_project_iam_member.artifactregistry_admin",
            "module.service_accounts.google_project_iam_member.cloud_build_editor",
            "module.service_accounts.google_project_iam_member.cloudsql_admin",
            "module.service_accounts.google_project_iam_member.logs_writer",
            "module.service_accounts.google_project_iam_member.network_admin",
            "module.service_accounts.google_project_iam_member.run_admin",
            "module.service_accounts.google_project_iam_member.serviceAccount_admin",
            "module.service_accounts.google_project_iam_member.service_account_creator",
            "module.service_accounts.google_project_iam_member.service_usage_admin",
            "module.service_accounts.google_project_iam_member.servicemanagement_admin",
            "module.service_accounts.google_project_iam_member.storage_admin",
            "module.service_accounts.google_project_iam_member.vpcaccess_admin",
            "module.service_accounts.google_service_account.terraform_service_account"
          ]
        }
      ]
    },
    {
      "module": "module.ci_cd",
      "mode": "managed",
      "type": "google_storage_bucket",
      "name": "dev_branch_build_logs",
      "provider": "provider[\"registry.terraform.io/hashicorp/google\"]",
      "instances": [
        {
          "schema_version": 0,
          "attributes": {
            "autoclass": [],
            "cors": [],
            "custom_placement_config": [],
            "default_event_based_hold": false,
            "encryption": [],
            "force_destroy": true,
            "id": "socio-torcedor-api-branch-build-logs",
            "labels": {},
            "lifecycle_rule": [
              {
                "action": [
                  {
                    "storage_class": "",
                    "type": "Delete"
                  }
                ],
                "condition": [
                  {
                    "age": 30,
                    "created_before": "",
                    "custom_time_before": "",
                    "days_since_custom_time": 0,
                    "days_since_noncurrent_time": 0,
                    "matches_prefix": [],
                    "matches_storage_class": [],
                    "matches_suffix": [],
                    "noncurrent_time_before": "",
                    "num_newer_versions": 0,
                    "with_state": "ANY"
                  }
                ]
              }
            ],
            "location": "US-CENTRAL1",
            "logging": [],
            "name": "socio-torcedor-api-branch-build-logs",
            "project": "socio-torcedor-api",
            "public_access_prevention": "inherited",
            "requester_pays": false,
            "retention_policy": [],
            "self_link": "https://www.googleapis.com/storage/v1/b/socio-torcedor-api-branch-build-logs",
            "storage_class": "STANDARD",
            "timeouts": null,
            "uniform_bucket_level_access": false,
            "url": "gs://socio-torcedor-api-branch-build-logs",
            "versioning": [],
            "website": []
          },
          "sensitive_attributes": [],
          "private": "eyJlMmJmYjczMC1lY2FhLTExZTYtOGY4OC0zNDM2M2JjN2M0YzAiOnsiY3JlYXRlIjo2MDAwMDAwMDAwMDAsInJlYWQiOjI0MDAwMDAwMDAwMCwidXBkYXRlIjoyNDAwMDAwMDAwMDB9fQ==",
          "dependencies": [
            "module.project_ops.data.google_compute_default_service_account.default",
            "module.project_ops.google_project_iam_member.project_service_identity_roles",
            "module.project_ops.google_project_service.project_services",
            "module.project_ops.google_project_service_identity.project_service_identities",
            "module.service_accounts.google_project_iam_member.artifactregistry_admin",
            "module.service_accounts.google_project_iam_member.cloud_build_editor",
            "module.service_accounts.google_project_iam_member.cloudsql_admin",
            "module.service_accounts.google_project_iam_member.logs_writer",
            "module.service_accounts.google_project_iam_member.network_admin",
            "module.service_accounts.google_project_iam_member.run_admin",
            "module.service_accounts.google_project_iam_member.serviceAccount_admin",
            "module.service_accounts.google_project_iam_member.service_account_creator",
            "module.service_accounts.google_project_iam_member.service_usage_admin",
            "module.service_accounts.google_project_iam_member.servicemanagement_admin",
            "module.service_accounts.google_project_iam_member.storage_admin",
            "module.service_accounts.google_project_iam_member.vpcaccess_admin",
            "module.service_accounts.google_service_account.terraform_service_account"
          ]
        }
      ]
    },
    {
      "module": "module.ci_cd",
      "mode": "managed",
      "type": "google_storage_bucket",
      "name": "ops_merge_build_logs",
      "provider": "provider[\"registry.terraform.io/hashicorp/google\"]",
      "instances": [
        {
          "schema_version": 0,
          "attributes": {
            "autoclass": [],
            "cors": [],
            "custom_placement_config": [],
            "default_event_based_hold": false,
            "encryption": [],
            "force_destroy": true,
            "id": "socio-torcedor-api-merge-build-logs",
            "labels": {},
            "lifecycle_rule": [
              {
                "action": [
                  {
                    "storage_class": "",
                    "type": "Delete"
                  }
                ],
                "condition": [
                  {
                    "age": 90,
                    "created_before": "",
                    "custom_time_before": "",
                    "days_since_custom_time": 0,
                    "days_since_noncurrent_time": 0,
                    "matches_prefix": [],
                    "matches_storage_class": [],
                    "matches_suffix": [],
                    "noncurrent_time_before": "",
                    "num_newer_versions": 0,
                    "with_state": "ANY"
                  }
                ]
              }
            ],
            "location": "US-CENTRAL1",
            "logging": [],
            "name": "socio-torcedor-api-merge-build-logs",
            "project": "socio-torcedor-api",
            "public_access_prevention": "inherited",
            "requester_pays": false,
            "retention_policy": [],
            "self_link": "https://www.googleapis.com/storage/v1/b/socio-torcedor-api-merge-build-logs",
            "storage_class": "STANDARD",
            "timeouts": null,
            "uniform_bucket_level_access": false,
            "url": "gs://socio-torcedor-api-merge-build-logs",
            "versioning": [],
            "website": []
          },
          "sensitive_attributes": [],
          "private": "eyJlMmJmYjczMC1lY2FhLTExZTYtOGY4OC0zNDM2M2JjN2M0YzAiOnsiY3JlYXRlIjo2MDAwMDAwMDAwMDAsInJlYWQiOjI0MDAwMDAwMDAwMCwidXBkYXRlIjoyNDAwMDAwMDAwMDB9fQ==",
          "dependencies": [
            "module.project_ops.data.google_compute_default_service_account.default",
            "module.project_ops.google_project_iam_member.project_service_identity_roles",
            "module.project_ops.google_project_service.project_services",
            "module.project_ops.google_project_service_identity.project_service_identities",
            "module.service_accounts.google_project_iam_member.artifactregistry_admin",
            "module.service_accounts.google_project_iam_member.cloud_build_editor",
            "module.service_accounts.google_project_iam_member.cloudsql_admin",
            "module.service_accounts.google_project_iam_member.logs_writer",
            "module.service_accounts.google_project_iam_member.network_admin",
            "module.service_accounts.google_project_iam_member.run_admin",
            "module.service_accounts.google_project_iam_member.serviceAccount_admin",
            "module.service_accounts.google_project_iam_member.service_account_creator",
            "module.service_accounts.google_project_iam_member.service_usage_admin",
            "module.service_accounts.google_project_iam_member.servicemanagement_admin",
            "module.service_accounts.google_project_iam_member.storage_admin",
            "module.service_accounts.google_project_iam_member.vpcaccess_admin",
            "module.service_accounts.google_service_account.terraform_service_account"
          ]
        }
      ]
    },
    {
      "module": "module.ci_cd",
      "mode": "managed",
      "type": "google_storage_bucket",
      "name": "ops_pr_build_logs",
      "provider": "provider[\"registry.terraform.io/hashicorp/google\"]",
      "instances": [
        {
          "schema_version": 0,
          "attributes": {
            "autoclass": [],
            "cors": [],
            "custom_placement_config": [],
            "default_event_based_hold": false,
            "encryption": [],
            "force_destroy": true,
            "id": "socio-torcedor-api-pr-build-logs",
            "labels": {},
            "lifecycle_rule": [
              {
                "action": [
                  {
                    "storage_class": "",
                    "type": "Delete"
                  }
                ],
                "condition": [
                  {
                    "age": 90,
                    "created_before": "",
                    "custom_time_before": "",
                    "days_since_custom_time": 0,
                    "days_since_noncurrent_time": 0,
                    "matches_prefix": [],
                    "matches_storage_class": [],
                    "matches_suffix": [],
                    "noncurrent_time_before": "",
                    "num_newer_versions": 0,
                    "with_state": "ANY"
                  }
                ]
              }
            ],
            "location": "US-CENTRAL1",
            "logging": [],
            "name": "socio-torcedor-api-pr-build-logs",
            "project": "socio-torcedor-api",
            "public_access_prevention": "inherited",
            "requester_pays": false,
            "retention_policy": [],
            "self_link": "https://www.googleapis.com/storage/v1/b/socio-torcedor-api-pr-build-logs",
            "storage_class": "STANDARD",
            "timeouts": null,
            "uniform_bucket_level_access": false,
            "url": "gs://socio-torcedor-api-pr-build-logs",
            "versioning": [],
            "website": []
          },
          "sensitive_attributes": [],
          "private": "eyJlMmJmYjczMC1lY2FhLTExZTYtOGY4OC0zNDM2M2JjN2M0YzAiOnsiY3JlYXRlIjo2MDAwMDAwMDAwMDAsInJlYWQiOjI0MDAwMDAwMDAwMCwidXBkYXRlIjoyNDAwMDAwMDAwMDB9fQ==",
          "dependencies": [
            "module.project_ops.data.google_compute_default_service_account.default",
            "module.project_ops.google_project_iam_member.project_service_identity_roles",
            "module.project_ops.google_project_service.project_services",
            "module.project_ops.google_project_service_identity.project_service_identities",
            "module.service_accounts.google_project_iam_member.artifactregistry_admin",
            "module.service_accounts.google_project_iam_member.cloud_build_editor",
            "module.service_accounts.google_project_iam_member.cloudsql_admin",
            "module.service_accounts.google_project_iam_member.logs_writer",
            "module.service_accounts.google_project_iam_member.network_admin",
            "module.service_accounts.google_project_iam_member.run_admin",
            "module.service_accounts.google_project_iam_member.serviceAccount_admin",
            "module.service_accounts.google_project_iam_member.service_account_creator",
            "module.service_accounts.google_project_iam_member.service_usage_admin",
            "module.service_accounts.google_project_iam_member.servicemanagement_admin",
            "module.service_accounts.google_project_iam_member.storage_admin",
            "module.service_accounts.google_project_iam_member.vpcaccess_admin",
            "module.service_accounts.google_service_account.terraform_service_account"
          ]
        }
      ]
    },
    {
      "module": "module.cloud_run_service",
      "mode": "data",
      "type": "google_iam_policy",
      "name": "iam_policy",
      "provider": "provider[\"registry.terraform.io/hashicorp/google\"]",
      "instances": [
        {
          "schema_version": 0,
          "attributes": {
            "audit_config": null,
            "binding": [
              {
                "condition": [],
                "members": [
                  "allUsers"
                ],
                "role": "roles/run.invoker"
              }
            ],
            "id": "3450855414",
            "policy_data": "{\"bindings\":[{\"members\":[\"allUsers\"],\"role\":\"roles/run.invoker\"}]}"
          },
          "sensitive_attributes": []
        }
      ]
    },
    {
      "module": "module.cloud_run_service",
      "mode": "managed",
      "type": "google_cloud_run_service",
      "name": "run_service",
      "provider": "provider[\"registry.terraform.io/hashicorp/google\"]",
      "instances": [
        {
          "schema_version": 1,
          "attributes": {
            "autogenerate_revision_name": false,
            "id": "locations/us-central1/namespaces/socio-torcedor-api/services/socio-torcedor-api",
            "location": "us-central1",
            "metadata": [
              {
                "annotations": {
                  "run.googleapis.com/ingress": "all",
                  "run.googleapis.com/ingress-status": "all",
                  "run.googleapis.com/operation-id": "e99a6588-95d5-4880-a57c-1791d50d1d79",
                  "serving.knative.dev/creator": "eduardomoura.moura@gmail.com",
                  "serving.knative.dev/lastModifier": "eduardomoura.moura@gmail.com"
                },
                "generation": 3,
                "labels": {
                  "cloud.googleapis.com/location": "us-central1"
                },
                "namespace": "socio-torcedor-api",
                "resource_version": "AAX5d1OEsVY",
                "self_link": "/apis/serving.knative.dev/v1/namespaces/1073644615254/services/socio-torcedor-api",
                "uid": "3e216732-e20b-4103-a5f9-f9f78fa337fe"
              }
            ],
            "name": "socio-torcedor-api",
            "project": "socio-torcedor-api",
            "status": [
              {
                "conditions": [
                  {
                    "message": "",
                    "reason": "",
                    "status": "True",
                    "type": "Ready"
                  },
                  {
                    "message": "",
                    "reason": "",
                    "status": "True",
                    "type": "ConfigurationsReady"
                  },
                  {
                    "message": "",
                    "reason": "",
                    "status": "True",
                    "type": "RoutesReady"
                  }
                ],
                "latest_created_revision_name": "socio-torcedor-api-00003-5g5",
                "latest_ready_revision_name": "socio-torcedor-api-00003-5g5",
                "observed_generation": 3,
                "url": "https://socio-torcedor-api-haleq5au3a-uc.a.run.app"
              }
            ],
            "template": [
              {
                "metadata": [
                  {
                    "annotations": {
                      "autoscaling.knative.dev/maxScale": "100",
                      "run.googleapis.com/vpc-access-connector": "projects/socio-torcedor-api/locations/us-central1/connectors/postgresvpcaccess",
                      "run.googleapis.com/vpc-access-egress": "all-traffic"
                    },
                    "generation": 0,
                    "labels": {},
                    "name": "",
                    "namespace": "",
                    "resource_version": "",
                    "self_link": "",
                    "uid": ""
                  }
                ],
                "spec": [
                  {
                    "container_concurrency": 25,
                    "containers": [
                      {
                        "args": [],
                        "command": [],
                        "env": [
                          {
                            "name": "POSTGRES_DB",
                            "value": "socio-torcedor-api-db",
                            "value_from": []
                          },
                          {
                            "name": "POSTGRES_HOST",
                            "value": "10.255.0.3",
                            "value_from": []
                          },
                          {
                            "name": "POSTGRES_PASSWORD",
                            "value": "admin",
                            "value_from": []
                          },
                          {
                            "name": "POSTGRES_PORT",
                            "value": "5432",
                            "value_from": []
                          },
                          {
                            "name": "POSTGRES_USER",
                            "value": "admin",
                            "value_from": []
                          }
                        ],
                        "env_from": [],
                        "image": "docker.io/dudubernardino/iac-api:latest",
                        "ports": [
                          {
                            "container_port": 3000,
                            "name": "http1",
                            "protocol": ""
                          }
                        ],
                        "resources": [
                          {
                            "limits": {
                              "cpu": "1000m",
                              "memory": "512Mi"
                            },
                            "requests": {}
                          }
                        ],
                        "volume_mounts": [],
                        "working_dir": ""
                      }
                    ],
                    "service_account_name": "socio-torcedor-api-svc@socio-torcedor-api.iam.gserviceaccount.com",
                    "serving_state": "",
                    "timeout_seconds": 300,
                    "volumes": []
                  }
                ]
              }
            ],
            "timeouts": null,
            "traffic": [
              {
                "latest_revision": true,
                "percent": 100,
                "revision_name": "",
                "tag": "",
                "url": ""
              }
            ]
          },
          "sensitive_attributes": [],
          "private": "eyJlMmJmYjczMC1lY2FhLTExZTYtOGY4OC0zNDM2M2JjN2M0YzAiOnsiY3JlYXRlIjoxMjAwMDAwMDAwMDAwLCJkZWxldGUiOjEyMDAwMDAwMDAwMDAsInVwZGF0ZSI6MTIwMDAwMDAwMDAwMH0sInNjaGVtYV92ZXJzaW9uIjoiMSJ9",
          "dependencies": [
            "module.cloud_run_service.google_service_account.cloud_run_service_account",
            "module.postgres.google_compute_global_address.private_ip_address",
            "module.postgres.google_service_networking_connection.private_vpc_connection",
            "module.postgres.google_vpc_access_connector.vpc_access_conn",
            "module.postgres.module.postgresql.google_sql_database.additional_databases",
            "module.postgres.module.postgresql.google_sql_database.default",
            "module.postgres.module.postgresql.google_sql_database_instance.default",
            "module.postgres.module.postgresql.google_sql_database_instance.replicas",
            "module.postgres.module.postgresql.google_sql_user.additional_users",
            "module.postgres.module.postgresql.google_sql_user.default",
            "module.postgres.module.postgresql.google_sql_user.iam_account",
            "module.postgres.module.postgresql.null_resource.module_depends_on",
            "module.postgres.module.postgresql.random_id.suffix",
            "module.postgres.module.postgresql.random_password.additional_passwords",
            "module.postgres.module.postgresql.random_password.user-password",
            "module.postgres.module.vpc_module.module.firewall_rules.google_compute_firewall.rules",
            "module.postgres.module.vpc_module.module.routes.google_compute_route.route",
            "module.postgres.module.vpc_module.module.subnets.google_compute_subnetwork.subnetwork",
            "module.postgres.module.vpc_module.module.vpc.google_compute_network.network",
            "module.postgres.module.vpc_module.module.vpc.google_compute_shared_vpc_host_project.shared_vpc_host",
            "module.project_ops.data.google_compute_default_service_account.default",
            "module.project_ops.google_project_iam_member.project_service_identity_roles",
            "module.project_ops.google_project_service.project_services",
            "module.project_ops.google_project_service_identity.project_service_identities",
            "module.service_accounts.google_project_iam_member.artifactregistry_admin",
            "module.service_accounts.google_project_iam_member.cloud_build_editor",
            "module.service_accounts.google_project_iam_member.cloudsql_admin",
            "module.service_accounts.google_project_iam_member.logs_writer",
            "module.service_accounts.google_project_iam_member.network_admin",
            "module.service_accounts.google_project_iam_member.run_admin",
            "module.service_accounts.google_project_iam_member.serviceAccount_admin",
            "module.service_accounts.google_project_iam_member.service_account_creator",
            "module.service_accounts.google_project_iam_member.service_usage_admin",
            "module.service_accounts.google_project_iam_member.servicemanagement_admin",
            "module.service_accounts.google_project_iam_member.storage_admin",
            "module.service_accounts.google_project_iam_member.vpcaccess_admin",
            "module.service_accounts.google_service_account.terraform_service_account"
          ]
        }
      ]
    },
    {
      "module": "module.cloud_run_service",
      "mode": "managed",
      "type": "google_cloud_run_service_iam_policy",
      "name": "iam_policy",
      "provider": "provider[\"registry.terraform.io/hashicorp/google\"]",
      "instances": [
        {
          "schema_version": 0,
          "attributes": {
            "etag": "BwX5dtgp7BQ=",
            "id": "v1/projects/socio-torcedor-api/locations/us-central1/services/socio-torcedor-api",
            "location": "us-central1",
            "policy_data": "{\"bindings\":[{\"members\":[\"allUsers\"],\"role\":\"roles/run.invoker\"}]}",
            "project": "socio-torcedor-api",
            "service": "v1/projects/socio-torcedor-api/locations/us-central1/services/socio-torcedor-api"
          },
          "sensitive_attributes": [],
          "private": "bnVsbA==",
          "dependencies": [
            "module.cloud_run_service.data.google_iam_policy.iam_policy",
            "module.cloud_run_service.google_cloud_run_service.run_service",
            "module.cloud_run_service.google_service_account.cloud_run_service_account",
            "module.postgres.google_compute_global_address.private_ip_address",
            "module.postgres.google_service_networking_connection.private_vpc_connection",
            "module.postgres.google_vpc_access_connector.vpc_access_conn",
            "module.postgres.module.postgresql.google_sql_database.additional_databases",
            "module.postgres.module.postgresql.google_sql_database.default",
            "module.postgres.module.postgresql.google_sql_database_instance.default",
            "module.postgres.module.postgresql.google_sql_database_instance.replicas",
            "module.postgres.module.postgresql.google_sql_user.additional_users",
            "module.postgres.module.postgresql.google_sql_user.default",
            "module.postgres.module.postgresql.google_sql_user.iam_account",
            "module.postgres.module.postgresql.null_resource.module_depends_on",
            "module.postgres.module.postgresql.random_id.suffix",
            "module.postgres.module.postgresql.random_password.additional_passwords",
            "module.postgres.module.postgresql.random_password.user-password",
            "module.postgres.module.vpc_module.module.firewall_rules.google_compute_firewall.rules",
            "module.postgres.module.vpc_module.module.routes.google_compute_route.route",
            "module.postgres.module.vpc_module.module.subnets.google_compute_subnetwork.subnetwork",
            "module.postgres.module.vpc_module.module.vpc.google_compute_network.network",
            "module.postgres.module.vpc_module.module.vpc.google_compute_shared_vpc_host_project.shared_vpc_host",
            "module.project_ops.data.google_compute_default_service_account.default",
            "module.project_ops.google_project_iam_member.project_service_identity_roles",
            "module.project_ops.google_project_service.project_services",
            "module.project_ops.google_project_service_identity.project_service_identities",
            "module.service_accounts.google_project_iam_member.artifactregistry_admin",
            "module.service_accounts.google_project_iam_member.cloud_build_editor",
            "module.service_accounts.google_project_iam_member.cloudsql_admin",
            "module.service_accounts.google_project_iam_member.logs_writer",
            "module.service_accounts.google_project_iam_member.network_admin",
            "module.service_accounts.google_project_iam_member.run_admin",
            "module.service_accounts.google_project_iam_member.serviceAccount_admin",
            "module.service_accounts.google_project_iam_member.service_account_creator",
            "module.service_accounts.google_project_iam_member.service_usage_admin",
            "module.service_accounts.google_project_iam_member.servicemanagement_admin",
            "module.service_accounts.google_project_iam_member.storage_admin",
            "module.service_accounts.google_project_iam_member.vpcaccess_admin",
            "module.service_accounts.google_service_account.terraform_service_account"
          ]
        }
      ]
    },
    {
      "module": "module.cloud_run_service",
      "mode": "managed",
      "type": "google_project_iam_member",
      "name": "backend_cloudrun_invoker",
      "provider": "provider[\"registry.terraform.io/hashicorp/google\"]",
      "instances": [
        {
          "schema_version": 0,
          "attributes": {
            "condition": [],
            "etag": "BwX5d1Od+9c=",
            "id": "socio-torcedor-api/roles/run.invoker/serviceAccount:socio-torcedor-api-svc@socio-torcedor-api.iam.gserviceaccount.com",
            "member": "serviceAccount:socio-torcedor-api-svc@socio-torcedor-api.iam.gserviceaccount.com",
            "project": "socio-torcedor-api",
            "role": "roles/run.invoker"
          },
          "sensitive_attributes": [],
          "private": "bnVsbA==",
          "dependencies": [
            "module.cloud_run_service.google_service_account.cloud_run_service_account",
            "module.postgres.google_compute_global_address.private_ip_address",
            "module.postgres.google_service_networking_connection.private_vpc_connection",
            "module.postgres.google_vpc_access_connector.vpc_access_conn",
            "module.postgres.module.postgresql.google_sql_database.additional_databases",
            "module.postgres.module.postgresql.google_sql_database.default",
            "module.postgres.module.postgresql.google_sql_database_instance.default",
            "module.postgres.module.postgresql.google_sql_database_instance.replicas",
            "module.postgres.module.postgresql.google_sql_user.additional_users",
            "module.postgres.module.postgresql.google_sql_user.default",
            "module.postgres.module.postgresql.google_sql_user.iam_account",
            "module.postgres.module.postgresql.null_resource.module_depends_on",
            "module.postgres.module.postgresql.random_id.suffix",
            "module.postgres.module.postgresql.random_password.additional_passwords",
            "module.postgres.module.postgresql.random_password.user-password",
            "module.postgres.module.vpc_module.module.firewall_rules.google_compute_firewall.rules",
            "module.postgres.module.vpc_module.module.routes.google_compute_route.route",
            "module.postgres.module.vpc_module.module.subnets.google_compute_subnetwork.subnetwork",
            "module.postgres.module.vpc_module.module.vpc.google_compute_network.network",
            "module.postgres.module.vpc_module.module.vpc.google_compute_shared_vpc_host_project.shared_vpc_host",
            "module.project_ops.data.google_compute_default_service_account.default",
            "module.project_ops.google_project_iam_member.project_service_identity_roles",
            "module.project_ops.google_project_service.project_services",
            "module.project_ops.google_project_service_identity.project_service_identities",
            "module.service_accounts.google_project_iam_member.artifactregistry_admin",
            "module.service_accounts.google_project_iam_member.cloud_build_editor",
            "module.service_accounts.google_project_iam_member.cloudsql_admin",
            "module.service_accounts.google_project_iam_member.logs_writer",
            "module.service_accounts.google_project_iam_member.network_admin",
            "module.service_accounts.google_project_iam_member.run_admin",
            "module.service_accounts.google_project_iam_member.serviceAccount_admin",
            "module.service_accounts.google_project_iam_member.service_account_creator",
            "module.service_accounts.google_project_iam_member.service_usage_admin",
            "module.service_accounts.google_project_iam_member.servicemanagement_admin",
            "module.service_accounts.google_project_iam_member.storage_admin",
            "module.service_accounts.google_project_iam_member.vpcaccess_admin",
            "module.service_accounts.google_service_account.terraform_service_account"
          ]
        }
      ]
    },
    {
      "module": "module.cloud_run_service",
      "mode": "managed",
      "type": "google_project_iam_member",
      "name": "backend_sql_client",
      "provider": "provider[\"registry.terraform.io/hashicorp/google\"]",
      "instances": [
        {
          "schema_version": 0,
          "attributes": {
            "condition": [],
            "etag": "BwX5d1Od+9c=",
            "id": "socio-torcedor-api/roles/cloudsql.client/serviceAccount:socio-torcedor-api-svc@socio-torcedor-api.iam.gserviceaccount.com",
            "member": "serviceAccount:socio-torcedor-api-svc@socio-torcedor-api.iam.gserviceaccount.com",
            "project": "socio-torcedor-api",
            "role": "roles/cloudsql.client"
          },
          "sensitive_attributes": [],
          "private": "bnVsbA==",
          "dependencies": [
            "module.cloud_run_service.google_service_account.cloud_run_service_account",
            "module.postgres.google_compute_global_address.private_ip_address",
            "module.postgres.google_service_networking_connection.private_vpc_connection",
            "module.postgres.google_vpc_access_connector.vpc_access_conn",
            "module.postgres.module.postgresql.google_sql_database.additional_databases",
            "module.postgres.module.postgresql.google_sql_database.default",
            "module.postgres.module.postgresql.google_sql_database_instance.default",
            "module.postgres.module.postgresql.google_sql_database_instance.replicas",
            "module.postgres.module.postgresql.google_sql_user.additional_users",
            "module.postgres.module.postgresql.google_sql_user.default",
            "module.postgres.module.postgresql.google_sql_user.iam_account",
            "module.postgres.module.postgresql.null_resource.module_depends_on",
            "module.postgres.module.postgresql.random_id.suffix",
            "module.postgres.module.postgresql.random_password.additional_passwords",
            "module.postgres.module.postgresql.random_password.user-password",
            "module.postgres.module.vpc_module.module.firewall_rules.google_compute_firewall.rules",
            "module.postgres.module.vpc_module.module.routes.google_compute_route.route",
            "module.postgres.module.vpc_module.module.subnets.google_compute_subnetwork.subnetwork",
            "module.postgres.module.vpc_module.module.vpc.google_compute_network.network",
            "module.postgres.module.vpc_module.module.vpc.google_compute_shared_vpc_host_project.shared_vpc_host",
            "module.project_ops.data.google_compute_default_service_account.default",
            "module.project_ops.google_project_iam_member.project_service_identity_roles",
            "module.project_ops.google_project_service.project_services",
            "module.project_ops.google_project_service_identity.project_service_identities",
            "module.service_accounts.google_project_iam_member.artifactregistry_admin",
            "module.service_accounts.google_project_iam_member.cloud_build_editor",
            "module.service_accounts.google_project_iam_member.cloudsql_admin",
            "module.service_accounts.google_project_iam_member.logs_writer",
            "module.service_accounts.google_project_iam_member.network_admin",
            "module.service_accounts.google_project_iam_member.run_admin",
            "module.service_accounts.google_project_iam_member.serviceAccount_admin",
            "module.service_accounts.google_project_iam_member.service_account_creator",
            "module.service_accounts.google_project_iam_member.service_usage_admin",
            "module.service_accounts.google_project_iam_member.servicemanagement_admin",
            "module.service_accounts.google_project_iam_member.storage_admin",
            "module.service_accounts.google_project_iam_member.vpcaccess_admin",
            "module.service_accounts.google_service_account.terraform_service_account"
          ]
        }
      ]
    },
    {
      "module": "module.cloud_run_service",
      "mode": "managed",
      "type": "google_service_account",
      "name": "cloud_run_service_account",
      "provider": "provider[\"registry.terraform.io/hashicorp/google\"]",
      "instances": [
        {
          "schema_version": 0,
          "attributes": {
            "account_id": "socio-torcedor-api-svc",
            "description": "",
            "disabled": false,
            "display_name": "socio-torcedor-api service account",
            "email": "socio-torcedor-api-svc@socio-torcedor-api.iam.gserviceaccount.com",
            "id": "projects/socio-torcedor-api/serviceAccounts/socio-torcedor-api-svc@socio-torcedor-api.iam.gserviceaccount.com",
            "member": "serviceAccount:socio-torcedor-api-svc@socio-torcedor-api.iam.gserviceaccount.com",
            "name": "projects/socio-torcedor-api/serviceAccounts/socio-torcedor-api-svc@socio-torcedor-api.iam.gserviceaccount.com",
            "project": "socio-torcedor-api",
            "timeouts": null,
            "unique_id": "115081010215676283184"
          },
          "sensitive_attributes": [],
          "private": "eyJlMmJmYjczMC1lY2FhLTExZTYtOGY4OC0zNDM2M2JjN2M0YzAiOnsiY3JlYXRlIjozMDAwMDAwMDAwMDB9fQ==",
          "dependencies": [
            "module.postgres.google_compute_global_address.private_ip_address",
            "module.postgres.google_service_networking_connection.private_vpc_connection",
            "module.postgres.google_vpc_access_connector.vpc_access_conn",
            "module.postgres.module.postgresql.google_sql_database.additional_databases",
            "module.postgres.module.postgresql.google_sql_database.default",
            "module.postgres.module.postgresql.google_sql_database_instance.default",
            "module.postgres.module.postgresql.google_sql_database_instance.replicas",
            "module.postgres.module.postgresql.google_sql_user.additional_users",
            "module.postgres.module.postgresql.google_sql_user.default",
            "module.postgres.module.postgresql.google_sql_user.iam_account",
            "module.postgres.module.postgresql.null_resource.module_depends_on",
            "module.postgres.module.postgresql.random_id.suffix",
            "module.postgres.module.postgresql.random_password.additional_passwords",
            "module.postgres.module.postgresql.random_password.user-password",
            "module.postgres.module.vpc_module.module.firewall_rules.google_compute_firewall.rules",
            "module.postgres.module.vpc_module.module.routes.google_compute_route.route",
            "module.postgres.module.vpc_module.module.subnets.google_compute_subnetwork.subnetwork",
            "module.postgres.module.vpc_module.module.vpc.google_compute_network.network",
            "module.postgres.module.vpc_module.module.vpc.google_compute_shared_vpc_host_project.shared_vpc_host",
            "module.project_ops.data.google_compute_default_service_account.default",
            "module.project_ops.google_project_iam_member.project_service_identity_roles",
            "module.project_ops.google_project_service.project_services",
            "module.project_ops.google_project_service_identity.project_service_identities",
            "module.service_accounts.google_project_iam_member.artifactregistry_admin",
            "module.service_accounts.google_project_iam_member.cloud_build_editor",
            "module.service_accounts.google_project_iam_member.cloudsql_admin",
            "module.service_accounts.google_project_iam_member.logs_writer",
            "module.service_accounts.google_project_iam_member.network_admin",
            "module.service_accounts.google_project_iam_member.run_admin",
            "module.service_accounts.google_project_iam_member.serviceAccount_admin",
            "module.service_accounts.google_project_iam_member.service_account_creator",
            "module.service_accounts.google_project_iam_member.service_usage_admin",
            "module.service_accounts.google_project_iam_member.servicemanagement_admin",
            "module.service_accounts.google_project_iam_member.storage_admin",
            "module.service_accounts.google_project_iam_member.vpcaccess_admin",
            "module.service_accounts.google_service_account.terraform_service_account"
          ],
          "create_before_destroy": true
        }
      ]
    },
    {
      "module": "module.postgres",
      "mode": "managed",
      "type": "google_compute_global_address",
      "name": "private_ip_address",
      "provider": "provider[\"registry.terraform.io/hashicorp/google\"]",
      "instances": [
        {
          "schema_version": 0,
          "attributes": {
            "address": "10.255.0.0",
            "address_type": "INTERNAL",
            "creation_timestamp": "2023-04-16T09:24:21.913-07:00",
            "description": "",
            "id": "projects/socio-torcedor-api/global/addresses/private-ip-address",
            "ip_version": "",
            "name": "private-ip-address",
            "network": "https://www.googleapis.com/compute/v1/projects/socio-torcedor-api/global/networks/postgres-transit-vpc",
            "prefix_length": 16,
            "project": "socio-torcedor-api",
            "purpose": "VPC_PEERING",
            "self_link": "https://www.googleapis.com/compute/v1/projects/socio-torcedor-api/global/addresses/private-ip-address",
            "timeouts": null
          },
          "sensitive_attributes": [],
          "private": "eyJlMmJmYjczMC1lY2FhLTExZTYtOGY4OC0zNDM2M2JjN2M0YzAiOnsiY3JlYXRlIjoxMjAwMDAwMDAwMDAwLCJkZWxldGUiOjEyMDAwMDAwMDAwMDB9fQ==",
          "dependencies": [
            "module.postgres.module.vpc_module.module.vpc.google_compute_network.network",
            "module.project_ops.data.google_compute_default_service_account.default",
            "module.project_ops.google_project_iam_member.project_service_identity_roles",
            "module.project_ops.google_project_service.project_services",
            "module.project_ops.google_project_service_identity.project_service_identities",
            "module.service_accounts.google_project_iam_member.artifactregistry_admin",
            "module.service_accounts.google_project_iam_member.cloud_build_editor",
            "module.service_accounts.google_project_iam_member.cloudsql_admin",
            "module.service_accounts.google_project_iam_member.logs_writer",
            "module.service_accounts.google_project_iam_member.network_admin",
            "module.service_accounts.google_project_iam_member.run_admin",
            "module.service_accounts.google_project_iam_member.serviceAccount_admin",
            "module.service_accounts.google_project_iam_member.service_account_creator",
            "module.service_accounts.google_project_iam_member.service_usage_admin",
            "module.service_accounts.google_project_iam_member.servicemanagement_admin",
            "module.service_accounts.google_project_iam_member.storage_admin",
            "module.service_accounts.google_project_iam_member.vpcaccess_admin",
            "module.service_accounts.google_service_account.terraform_service_account"
          ],
          "create_before_destroy": true
        }
      ]
    },
    {
      "module": "module.postgres",
      "mode": "managed",
      "type": "google_service_networking_connection",
      "name": "private_vpc_connection",
      "provider": "provider[\"registry.terraform.io/hashicorp/google\"]",
      "instances": [
        {
          "schema_version": 0,
          "attributes": {
            "id": "https%3A%2F%2Fwww.googleapis.com%2Fcompute%2Fv1%2Fprojects%2Fsocio-torcedor-api%2Fglobal%2Fnetworks%2Fpostgres-transit-vpc:servicenetworking.googleapis.com",
            "network": "https://www.googleapis.com/compute/v1/projects/socio-torcedor-api/global/networks/postgres-transit-vpc",
            "peering": "servicenetworking-googleapis-com",
            "reserved_peering_ranges": [
              "private-ip-address"
            ],
            "service": "servicenetworking.googleapis.com",
            "timeouts": null
          },
          "sensitive_attributes": [],
          "private": "eyJlMmJmYjczMC1lY2FhLTExZTYtOGY4OC0zNDM2M2JjN2M0YzAiOnsiY3JlYXRlIjo2MDAwMDAwMDAwMDAsImRlbGV0ZSI6NjAwMDAwMDAwMDAwLCJ1cGRhdGUiOjYwMDAwMDAwMDAwMH19",
          "dependencies": [
            "module.postgres.google_compute_global_address.private_ip_address",
            "module.postgres.module.vpc_module.module.vpc.google_compute_network.network",
            "module.project_ops.data.google_compute_default_service_account.default",
            "module.project_ops.google_project_iam_member.project_service_identity_roles",
            "module.project_ops.google_project_service.project_services",
            "module.project_ops.google_project_service_identity.project_service_identities",
            "module.service_accounts.google_project_iam_member.artifactregistry_admin",
            "module.service_accounts.google_project_iam_member.cloud_build_editor",
            "module.service_accounts.google_project_iam_member.cloudsql_admin",
            "module.service_accounts.google_project_iam_member.logs_writer",
            "module.service_accounts.google_project_iam_member.network_admin",
            "module.service_accounts.google_project_iam_member.run_admin",
            "module.service_accounts.google_project_iam_member.serviceAccount_admin",
            "module.service_accounts.google_project_iam_member.service_account_creator",
            "module.service_accounts.google_project_iam_member.service_usage_admin",
            "module.service_accounts.google_project_iam_member.servicemanagement_admin",
            "module.service_accounts.google_project_iam_member.storage_admin",
            "module.service_accounts.google_project_iam_member.vpcaccess_admin",
            "module.service_accounts.google_service_account.terraform_service_account"
          ],
          "create_before_destroy": true
        }
      ]
    },
    {
      "module": "module.postgres",
      "mode": "managed",
      "type": "google_vpc_access_connector",
      "name": "vpc_access_conn",
      "provider": "provider[\"registry.terraform.io/hashicorp/google\"]",
      "instances": [
        {
          "schema_version": 0,
          "attributes": {
            "id": "projects/socio-torcedor-api/locations/us-central1/connectors/postgresvpcaccess",
            "ip_cidr_range": "10.7.0.0/28",
            "machine_type": "e2-micro",
            "max_instances": 3,
            "max_throughput": 300,
            "min_instances": 2,
            "min_throughput": 200,
            "name": "postgresvpcaccess",
            "network": "postgres-transit-vpc",
            "project": "socio-torcedor-api",
            "region": "us-central1",
            "self_link": "projects/socio-torcedor-api/locations/us-central1/connectors/postgresvpcaccess",
            "state": "READY",
            "subnet": [],
            "timeouts": null
          },
          "sensitive_attributes": [],
          "private": "eyJlMmJmYjczMC1lY2FhLTExZTYtOGY4OC0zNDM2M2JjN2M0YzAiOnsiY3JlYXRlIjoxMjAwMDAwMDAwMDAwLCJkZWxldGUiOjEyMDAwMDAwMDAwMDB9fQ==",
          "dependencies": [
            "module.postgres.module.vpc_module.module.firewall_rules.google_compute_firewall.rules",
            "module.postgres.module.vpc_module.module.routes.google_compute_route.route",
            "module.postgres.module.vpc_module.module.subnets.google_compute_subnetwork.subnetwork",
            "module.postgres.module.vpc_module.module.vpc.google_compute_network.network",
            "module.postgres.module.vpc_module.module.vpc.google_compute_shared_vpc_host_project.shared_vpc_host",
            "module.project_ops.data.google_compute_default_service_account.default",
            "module.project_ops.google_project_iam_member.project_service_identity_roles",
            "module.project_ops.google_project_service.project_services",
            "module.project_ops.google_project_service_identity.project_service_identities",
            "module.service_accounts.google_project_iam_member.artifactregistry_admin",
            "module.service_accounts.google_project_iam_member.cloud_build_editor",
            "module.service_accounts.google_project_iam_member.cloudsql_admin",
            "module.service_accounts.google_project_iam_member.logs_writer",
            "module.service_accounts.google_project_iam_member.network_admin",
            "module.service_accounts.google_project_iam_member.run_admin",
            "module.service_accounts.google_project_iam_member.serviceAccount_admin",
            "module.service_accounts.google_project_iam_member.service_account_creator",
            "module.service_accounts.google_project_iam_member.service_usage_admin",
            "module.service_accounts.google_project_iam_member.servicemanagement_admin",
            "module.service_accounts.google_project_iam_member.storage_admin",
            "module.service_accounts.google_project_iam_member.vpcaccess_admin",
            "module.service_accounts.google_service_account.terraform_service_account"
          ],
          "create_before_destroy": true
        }
      ]
    },
    {
      "module": "module.postgres.module.postgresql",
      "mode": "managed",
      "type": "google_sql_database",
      "name": "default",
      "provider": "provider[\"registry.terraform.io/hashicorp/google\"]",
      "instances": [
        {
          "index_key": 0,
          "schema_version": 0,
          "attributes": {
            "charset": "UTF8",
            "collation": "en_US.UTF8",
            "deletion_policy": "DELETE",
            "id": "projects/socio-torcedor-api/instances/socio-torcedor-api-db-9eea8e19/databases/socio-torcedor-api-db",
            "instance": "socio-torcedor-api-db-9eea8e19",
            "name": "socio-torcedor-api-db",
            "project": "socio-torcedor-api",
            "self_link": "https://sqladmin.googleapis.com/sql/v1beta4/projects/socio-torcedor-api/instances/socio-torcedor-api-db-9eea8e19/databases/socio-torcedor-api-db",
            "timeouts": null
          },
          "sensitive_attributes": [],
          "private": "eyJlMmJmYjczMC1lY2FhLTExZTYtOGY4OC0zNDM2M2JjN2M0YzAiOnsiY3JlYXRlIjoxMjAwMDAwMDAwMDAwLCJkZWxldGUiOjEyMDAwMDAwMDAwMDAsInVwZGF0ZSI6MTIwMDAwMDAwMDAwMH19",
          "dependencies": [
            "module.postgres.google_compute_global_address.private_ip_address",
            "module.postgres.google_service_networking_connection.private_vpc_connection",
            "module.postgres.module.postgresql.google_sql_database_instance.default",
            "module.postgres.module.postgresql.null_resource.module_depends_on",
            "module.postgres.module.postgresql.random_id.suffix",
            "module.postgres.module.vpc_module.module.vpc.google_compute_network.network",
            "module.project_ops.data.google_compute_default_service_account.default",
            "module.project_ops.google_project_iam_member.project_service_identity_roles",
            "module.project_ops.google_project_service.project_services",
            "module.project_ops.google_project_service_identity.project_service_identities",
            "module.service_accounts.google_project_iam_member.artifactregistry_admin",
            "module.service_accounts.google_project_iam_member.cloud_build_editor",
            "module.service_accounts.google_project_iam_member.cloudsql_admin",
            "module.service_accounts.google_project_iam_member.logs_writer",
            "module.service_accounts.google_project_iam_member.network_admin",
            "module.service_accounts.google_project_iam_member.run_admin",
            "module.service_accounts.google_project_iam_member.serviceAccount_admin",
            "module.service_accounts.google_project_iam_member.service_account_creator",
            "module.service_accounts.google_project_iam_member.service_usage_admin",
            "module.service_accounts.google_project_iam_member.servicemanagement_admin",
            "module.service_accounts.google_project_iam_member.storage_admin",
            "module.service_accounts.google_project_iam_member.vpcaccess_admin",
            "module.service_accounts.google_service_account.terraform_service_account"
          ],
          "create_before_destroy": true
        }
      ]
    },
    {
      "module": "module.postgres.module.postgresql",
      "mode": "managed",
      "type": "google_sql_database_instance",
      "name": "default",
      "provider": "provider[\"registry.terraform.io/hashicorp/google-beta\"]",
      "instances": [
        {
          "schema_version": 0,
          "attributes": {
            "available_maintenance_versions": [],
            "clone": [],
            "connection_name": "socio-torcedor-api:us-central1:socio-torcedor-api-db-9eea8e19",
            "database_version": "POSTGRES_14",
            "deletion_protection": false,
            "encryption_key_name": null,
            "first_ip_address": "10.255.0.3",
            "id": "socio-torcedor-api-db-9eea8e19",
            "instance_type": "CLOUD_SQL_INSTANCE",
            "ip_address": [
              {
                "ip_address": "10.255.0.3",
                "time_to_retire": "",
                "type": "PRIVATE"
              }
            ],
            "maintenance_version": "POSTGRES_14_5.R20230316.02_02",
            "master_instance_name": "",
            "name": "socio-torcedor-api-db-9eea8e19",
            "private_ip_address": "10.255.0.3",
            "project": "socio-torcedor-api",
            "public_ip_address": "",
            "region": "us-central1",
            "replica_configuration": [],
            "restore_backup_context": [],
            "root_password": null,
            "self_link": "https://sqladmin.googleapis.com/sql/v1beta4/projects/socio-torcedor-api/instances/socio-torcedor-api-db-9eea8e19",
            "server_ca_cert": [
              {
                "cert": "-----BEGIN CERTIFICATE-----\nMIIDfzCCAmegAwIBAgIBADANBgkqhkiG9w0BAQsFADB3MS0wKwYDVQQuEyQzMzU1\nYjAyMC1kZTc0LTQ3ZjktYmRlNi03NWVhYmFiYTE0ZTMxIzAhBgNVBAMTGkdvb2ds\nZSBDbG91ZCBTUUwgU2VydmVyIENBMRQwEgYDVQQKEwtHb29nbGUsIEluYzELMAkG\nA1UEBhMCVVMwHhcNMjMwNDE2MTYyNzQ4WhcNMzMwNDEzMTYyODQ4WjB3MS0wKwYD\nVQQuEyQzMzU1YjAyMC1kZTc0LTQ3ZjktYmRlNi03NWVhYmFiYTE0ZTMxIzAhBgNV\nBAMTGkdvb2dsZSBDbG91ZCBTUUwgU2VydmVyIENBMRQwEgYDVQQKEwtHb29nbGUs\nIEluYzELMAkGA1UEBhMCVVMwggEiMA0GCSqGSIb3DQEBAQUAA4IBDwAwggEKAoIB\nAQCoWxH0/KrIGRUn8bj2j9xN1NnkSd6KtfLlNmV9z8CP9nyqXee/InDxZdn6wTmI\nPy7D/OYNUI+p3q03Vr2+m5xA9jhlZFXNufJAy2M1CGw2+91POBz0HwxPZrtJhoU/\nryGkq/Lyy+tJBzklBu0lXmmt6LM9BLwNxG78cfQuIioqGQxJySWAK15UhSAPOtkR\nPzTi9ChjgiqO+3eINui0xAAU3FO9Vf0efFQkp1hyGBXTwLEKOK2vQbf2S2ob4Diu\n0wQyWHi8+ThOoQs64bKuCjtVmtks6Lxqfe5fwtfAM+Tk74ZBs7UdC2qVWOOa7rOL\nfE0I/iM7MsPD+o9sQe+PMG91AgMBAAGjFjAUMBIGA1UdEwEB/wQIMAYBAf8CAQAw\nDQYJKoZIhvcNAQELBQADggEBAIk5EnbyxrbV7ait7FCU2nyRhToVt6dLv1uyITCl\nVSv/luiJu2kjOlvHxeslrwO4m2bJkjEhH8e2G3SXeNkUS8U3HNkf3ZYrOvv2Sjo0\nxnV+H0DJGoycD+Th1BC1eW+tRVsauuydzbKcTEaZQhFxODdfOxbFZIiY5HZnbxQJ\nWQIDwIjPKqfBCiT9HoHH+h/tnPuRs3Otb7dDdnh9O9RKzMeoB/qjyFq1DJOeuEws\neuXroU+O+1CzwyvNADNHsB3qF6Ms1ZcVMtja+EDT+fwD9wqbEd+GW6cyYeySEOhR\nrJhpEkWnxLpmE2M/IYYNStSX30ukjJPR/Dgstvrhg4mVpHA=\n-----END CERTIFICATE-----",
                "common_name": "C=US,O=Google\\, Inc,CN=Google Cloud SQL Server CA,dnQualifier=3355b020-de74-47f9-bde6-75eababa14e3",
                "create_time": "2023-04-16T16:27:48.494Z",
                "expiration_time": "2033-04-13T16:28:48.494Z",
                "sha1_fingerprint": "d3c253f772a76bed53718363e5b5a89f2b8530ff"
              }
            ],
            "service_account_email_address": "p1073644615254-k1m98s@gcp-sa-cloud-sql.iam.gserviceaccount.com",
            "settings": [
              {
                "activation_policy": "ALWAYS",
                "active_directory_config": [],
                "availability_type": "ZONAL",
                "backup_configuration": [
                  {
                    "backup_retention_settings": [
                      {
                        "retained_backups": 7,
                        "retention_unit": "COUNT"
                      }
                    ],
                    "binary_log_enabled": false,
                    "enabled": false,
                    "location": "",
                    "point_in_time_recovery_enabled": false,
                    "start_time": "11:00",
                    "transaction_log_retention_days": 7
                  }
                ],
                "collation": "",
                "connector_enforcement": "NOT_REQUIRED",
                "database_flags": [],
                "deletion_protection_enabled": false,
                "deny_maintenance_period": [],
                "disk_autoresize": true,
                "disk_autoresize_limit": 0,
                "disk_size": 10,
                "disk_type": "PD_SSD",
                "insights_config": [],
                "ip_configuration": [
                  {
                    "allocated_ip_range": "private-ip-address",
                    "authorized_networks": [],
                    "enable_private_path_for_google_cloud_services": false,
                    "ipv4_enabled": false,
                    "private_network": "projects/socio-torcedor-api/global/networks/postgres-transit-vpc",
                    "require_ssl": false
                  }
                ],
                "location_preference": [
                  {
                    "follow_gae_application": "",
                    "secondary_zone": "",
                    "zone": "us-central1-a"
                  }
                ],
                "maintenance_window": [
                  {
                    "day": 1,
                    "hour": 23,
                    "update_track": "canary"
                  }
                ],
                "password_validation_policy": [],
                "pricing_plan": "PER_USE",
                "sql_server_audit_config": [],
                "tier": "db-f1-micro",
                "time_zone": "",
                "user_labels": {},
                "version": 1
              }
            ],
            "timeouts": {
              "create": "30m",
              "delete": "15m",
              "update": "15m"
            }
          },
          "sensitive_attributes": [],
          "private": "eyJlMmJmYjczMC1lY2FhLTExZTYtOGY4OC0zNDM2M2JjN2M0YzAiOnsiY3JlYXRlIjoxODAwMDAwMDAwMDAwLCJkZWxldGUiOjkwMDAwMDAwMDAwMCwidXBkYXRlIjo5MDAwMDAwMDAwMDB9fQ==",
          "dependencies": [
            "module.postgres.google_compute_global_address.private_ip_address",
            "module.postgres.google_service_networking_connection.private_vpc_connection",
            "module.postgres.module.postgresql.null_resource.module_depends_on",
            "module.postgres.module.postgresql.random_id.suffix",
            "module.postgres.module.vpc_module.module.vpc.google_compute_network.network",
            "module.project_ops.data.google_compute_default_service_account.default",
            "module.project_ops.google_project_iam_member.project_service_identity_roles",
            "module.project_ops.google_project_service.project_services",
            "module.project_ops.google_project_service_identity.project_service_identities",
            "module.service_accounts.google_project_iam_member.artifactregistry_admin",
            "module.service_accounts.google_project_iam_member.cloud_build_editor",
            "module.service_accounts.google_project_iam_member.cloudsql_admin",
            "module.service_accounts.google_project_iam_member.logs_writer",
            "module.service_accounts.google_project_iam_member.network_admin",
            "module.service_accounts.google_project_iam_member.run_admin",
            "module.service_accounts.google_project_iam_member.serviceAccount_admin",
            "module.service_accounts.google_project_iam_member.service_account_creator",
            "module.service_accounts.google_project_iam_member.service_usage_admin",
            "module.service_accounts.google_project_iam_member.servicemanagement_admin",
            "module.service_accounts.google_project_iam_member.storage_admin",
            "module.service_accounts.google_project_iam_member.vpcaccess_admin",
            "module.service_accounts.google_service_account.terraform_service_account"
          ],
          "create_before_destroy": true
        }
      ]
    },
    {
      "module": "module.postgres.module.postgresql",
      "mode": "managed",
      "type": "google_sql_user",
      "name": "default",
      "provider": "provider[\"registry.terraform.io/hashicorp/google\"]",
      "instances": [
        {
          "index_key": 0,
          "schema_version": 1,
          "attributes": {
            "deletion_policy": null,
            "host": "",
            "id": "admin//socio-torcedor-api-db-9eea8e19",
            "instance": "socio-torcedor-api-db-9eea8e19",
            "name": "admin",
            "password": "admin",
            "password_policy": [],
            "project": "socio-torcedor-api",
            "sql_server_user_details": [],
            "timeouts": null,
            "type": ""
          },
          "sensitive_attributes": [],
          "private": "eyJlMmJmYjczMC1lY2FhLTExZTYtOGY4OC0zNDM2M2JjN2M0YzAiOnsiY3JlYXRlIjo2MDAwMDAwMDAwMDAsImRlbGV0ZSI6NjAwMDAwMDAwMDAwLCJ1cGRhdGUiOjYwMDAwMDAwMDAwMH0sInNjaGVtYV92ZXJzaW9uIjoiMSJ9",
          "dependencies": [
            "module.postgres.google_compute_global_address.private_ip_address",
            "module.postgres.google_service_networking_connection.private_vpc_connection",
            "module.postgres.module.postgresql.google_sql_database_instance.default",
            "module.postgres.module.postgresql.google_sql_database_instance.replicas",
            "module.postgres.module.postgresql.null_resource.module_depends_on",
            "module.postgres.module.postgresql.random_id.suffix",
            "module.postgres.module.postgresql.random_password.user-password",
            "module.postgres.module.vpc_module.module.vpc.google_compute_network.network",
            "module.project_ops.data.google_compute_default_service_account.default",
            "module.project_ops.google_project_iam_member.project_service_identity_roles",
            "module.project_ops.google_project_service.project_services",
            "module.project_ops.google_project_service_identity.project_service_identities",
            "module.service_accounts.google_project_iam_member.artifactregistry_admin",
            "module.service_accounts.google_project_iam_member.cloud_build_editor",
            "module.service_accounts.google_project_iam_member.cloudsql_admin",
            "module.service_accounts.google_project_iam_member.logs_writer",
            "module.service_accounts.google_project_iam_member.network_admin",
            "module.service_accounts.google_project_iam_member.run_admin",
            "module.service_accounts.google_project_iam_member.serviceAccount_admin",
            "module.service_accounts.google_project_iam_member.service_account_creator",
            "module.service_accounts.google_project_iam_member.service_usage_admin",
            "module.service_accounts.google_project_iam_member.servicemanagement_admin",
            "module.service_accounts.google_project_iam_member.storage_admin",
            "module.service_accounts.google_project_iam_member.vpcaccess_admin",
            "module.service_accounts.google_service_account.terraform_service_account"
          ],
          "create_before_destroy": true
        }
      ]
    },
    {
      "module": "module.postgres.module.postgresql",
      "mode": "managed",
      "type": "null_resource",
      "name": "module_depends_on",
      "provider": "provider[\"registry.terraform.io/hashicorp/null\"]",
      "instances": [
        {
          "schema_version": 0,
          "attributes": {
            "id": "8331260691588108302",
            "triggers": {
              "value": "0"
            }
          },
          "sensitive_attributes": [],
          "dependencies": [
            "module.postgres.google_compute_global_address.private_ip_address",
            "module.postgres.google_service_networking_connection.private_vpc_connection",
            "module.postgres.module.vpc_module.module.vpc.google_compute_network.network",
            "module.project_ops.data.google_compute_default_service_account.default",
            "module.project_ops.google_project_iam_member.project_service_identity_roles",
            "module.project_ops.google_project_service.project_services",
            "module.project_ops.google_project_service_identity.project_service_identities",
            "module.service_accounts.google_project_iam_member.artifactregistry_admin",
            "module.service_accounts.google_project_iam_member.cloud_build_editor",
            "module.service_accounts.google_project_iam_member.cloudsql_admin",
            "module.service_accounts.google_project_iam_member.logs_writer",
            "module.service_accounts.google_project_iam_member.network_admin",
            "module.service_accounts.google_project_iam_member.run_admin",
            "module.service_accounts.google_project_iam_member.serviceAccount_admin",
            "module.service_accounts.google_project_iam_member.service_account_creator",
            "module.service_accounts.google_project_iam_member.service_usage_admin",
            "module.service_accounts.google_project_iam_member.servicemanagement_admin",
            "module.service_accounts.google_project_iam_member.storage_admin",
            "module.service_accounts.google_project_iam_member.vpcaccess_admin",
            "module.service_accounts.google_service_account.terraform_service_account"
          ],
          "create_before_destroy": true
        }
      ]
    },
    {
      "module": "module.postgres.module.postgresql",
      "mode": "managed",
      "type": "random_id",
      "name": "suffix",
      "provider": "provider[\"registry.terraform.io/hashicorp/random\"]",
      "instances": [
        {
          "index_key": 0,
          "schema_version": 0,
          "attributes": {
            "b64_std": "nuqOGQ==",
            "b64_url": "nuqOGQ",
            "byte_length": 4,
            "dec": "2666171929",
            "hex": "9eea8e19",
            "id": "nuqOGQ",
            "keepers": null,
            "prefix": null
          },
          "sensitive_attributes": [],
          "dependencies": [
            "module.postgres.google_compute_global_address.private_ip_address",
            "module.postgres.google_service_networking_connection.private_vpc_connection",
            "module.postgres.module.vpc_module.module.vpc.google_compute_network.network",
            "module.project_ops.data.google_compute_default_service_account.default",
            "module.project_ops.google_project_iam_member.project_service_identity_roles",
            "module.project_ops.google_project_service.project_services",
            "module.project_ops.google_project_service_identity.project_service_identities",
            "module.service_accounts.google_project_iam_member.artifactregistry_admin",
            "module.service_accounts.google_project_iam_member.cloud_build_editor",
            "module.service_accounts.google_project_iam_member.cloudsql_admin",
            "module.service_accounts.google_project_iam_member.logs_writer",
            "module.service_accounts.google_project_iam_member.network_admin",
            "module.service_accounts.google_project_iam_member.run_admin",
            "module.service_accounts.google_project_iam_member.serviceAccount_admin",
            "module.service_accounts.google_project_iam_member.service_account_creator",
            "module.service_accounts.google_project_iam_member.service_usage_admin",
            "module.service_accounts.google_project_iam_member.servicemanagement_admin",
            "module.service_accounts.google_project_iam_member.storage_admin",
            "module.service_accounts.google_project_iam_member.vpcaccess_admin",
            "module.service_accounts.google_service_account.terraform_service_account"
          ],
          "create_before_destroy": true
        }
      ]
    },
    {
      "module": "module.postgres.module.postgresql",
      "mode": "managed",
      "type": "random_password",
      "name": "user-password",
      "provider": "provider[\"registry.terraform.io/hashicorp/random\"]",
      "instances": [
        {
          "schema_version": 3,
          "attributes": {
            "bcrypt_hash": "$2a$10$NXWC2gDNiNLipU6cRkObBegV.g8R6s..t8s1wQP9Xw3x4v1og5e1i",
            "id": "none",
            "keepers": {
              "name": "socio-torcedor-api-db-9eea8e19"
            },
            "length": 32,
            "lower": true,
            "min_lower": 0,
            "min_numeric": 0,
            "min_special": 0,
            "min_upper": 0,
            "number": true,
            "numeric": true,
            "override_special": null,
            "result": "1Hewo9iC6y51MbY0JLrxQMDdhH4NCaLO",
            "special": false,
            "upper": true
          },
          "sensitive_attributes": [],
          "dependencies": [
            "module.postgres.google_compute_global_address.private_ip_address",
            "module.postgres.google_service_networking_connection.private_vpc_connection",
            "module.postgres.module.postgresql.google_sql_database_instance.default",
            "module.postgres.module.postgresql.null_resource.module_depends_on",
            "module.postgres.module.postgresql.random_id.suffix",
            "module.postgres.module.vpc_module.module.vpc.google_compute_network.network",
            "module.project_ops.data.google_compute_default_service_account.default",
            "module.project_ops.google_project_iam_member.project_service_identity_roles",
            "module.project_ops.google_project_service.project_services",
            "module.project_ops.google_project_service_identity.project_service_identities",
            "module.service_accounts.google_project_iam_member.artifactregistry_admin",
            "module.service_accounts.google_project_iam_member.cloud_build_editor",
            "module.service_accounts.google_project_iam_member.cloudsql_admin",
            "module.service_accounts.google_project_iam_member.logs_writer",
            "module.service_accounts.google_project_iam_member.network_admin",
            "module.service_accounts.google_project_iam_member.run_admin",
            "module.service_accounts.google_project_iam_member.serviceAccount_admin",
            "module.service_accounts.google_project_iam_member.service_account_creator",
            "module.service_accounts.google_project_iam_member.service_usage_admin",
            "module.service_accounts.google_project_iam_member.servicemanagement_admin",
            "module.service_accounts.google_project_iam_member.storage_admin",
            "module.service_accounts.google_project_iam_member.vpcaccess_admin",
            "module.service_accounts.google_service_account.terraform_service_account"
          ],
          "create_before_destroy": true
        }
      ]
    },
    {
      "module": "module.postgres.module.vpc_module.module.subnets",
      "mode": "managed",
      "type": "google_compute_subnetwork",
      "name": "subnetwork",
      "provider": "provider[\"registry.terraform.io/hashicorp/google\"]",
      "instances": [
        {
          "index_key": "us-central1/postgres-transit-vpc-subnet-01",
          "schema_version": 0,
          "attributes": {
            "creation_timestamp": "2023-04-16T09:24:23.332-07:00",
            "description": "",
            "external_ipv6_prefix": "",
            "fingerprint": null,
            "gateway_address": "10.8.0.1",
            "id": "projects/socio-torcedor-api/regions/us-central1/subnetworks/postgres-transit-vpc-subnet-01",
            "ip_cidr_range": "10.8.0.0/28",
            "ipv6_access_type": "",
            "ipv6_cidr_range": "",
            "log_config": [
              {
                "aggregation_interval": "INTERVAL_5_SEC",
                "filter_expr": "true",
                "flow_sampling": 0.5,
                "metadata": "INCLUDE_ALL_METADATA",
                "metadata_fields": []
              }
            ],
            "name": "postgres-transit-vpc-subnet-01",
            "network": "https://www.googleapis.com/compute/v1/projects/socio-torcedor-api/global/networks/postgres-transit-vpc",
            "private_ip_google_access": true,
            "private_ipv6_google_access": "DISABLE_GOOGLE_ACCESS",
            "project": "socio-torcedor-api",
            "purpose": "PRIVATE",
            "region": "us-central1",
            "role": "",
            "secondary_ip_range": [],
            "self_link": "https://www.googleapis.com/compute/v1/projects/socio-torcedor-api/regions/us-central1/subnetworks/postgres-transit-vpc-subnet-01",
            "stack_type": "IPV4_ONLY",
            "timeouts": null
          },
          "sensitive_attributes": [],
          "private": "eyJlMmJmYjczMC1lY2FhLTExZTYtOGY4OC0zNDM2M2JjN2M0YzAiOnsiY3JlYXRlIjoxMjAwMDAwMDAwMDAwLCJkZWxldGUiOjEyMDAwMDAwMDAwMDAsInVwZGF0ZSI6MTIwMDAwMDAwMDAwMH19",
          "dependencies": [
            "module.postgres.module.vpc_module.module.vpc.google_compute_network.network",
            "module.project_ops.data.google_compute_default_service_account.default",
            "module.project_ops.google_project_iam_member.project_service_identity_roles",
            "module.project_ops.google_project_service.project_services",
            "module.project_ops.google_project_service_identity.project_service_identities",
            "module.service_accounts.google_project_iam_member.artifactregistry_admin",
            "module.service_accounts.google_project_iam_member.cloud_build_editor",
            "module.service_accounts.google_project_iam_member.cloudsql_admin",
            "module.service_accounts.google_project_iam_member.logs_writer",
            "module.service_accounts.google_project_iam_member.network_admin",
            "module.service_accounts.google_project_iam_member.run_admin",
            "module.service_accounts.google_project_iam_member.serviceAccount_admin",
            "module.service_accounts.google_project_iam_member.service_account_creator",
            "module.service_accounts.google_project_iam_member.service_usage_admin",
            "module.service_accounts.google_project_iam_member.servicemanagement_admin",
            "module.service_accounts.google_project_iam_member.storage_admin",
            "module.service_accounts.google_project_iam_member.vpcaccess_admin",
            "module.service_accounts.google_service_account.terraform_service_account"
          ],
          "create_before_destroy": true
        }
      ]
    },
    {
      "module": "module.postgres.module.vpc_module.module.vpc",
      "mode": "managed",
      "type": "google_compute_network",
      "name": "network",
      "provider": "provider[\"registry.terraform.io/hashicorp/google\"]",
      "instances": [
        {
          "schema_version": 0,
          "attributes": {
            "auto_create_subnetworks": false,
            "delete_default_routes_on_create": false,
            "description": "",
            "enable_ula_internal_ipv6": false,
            "gateway_ipv4": "",
            "id": "projects/socio-torcedor-api/global/networks/postgres-transit-vpc",
            "internal_ipv6_range": "",
            "mtu": 0,
            "name": "postgres-transit-vpc",
            "network_firewall_policy_enforcement_order": "AFTER_CLASSIC_FIREWALL",
            "project": "socio-torcedor-api",
            "routing_mode": "REGIONAL",
            "self_link": "https://www.googleapis.com/compute/v1/projects/socio-torcedor-api/global/networks/postgres-transit-vpc",
            "timeouts": null
          },
          "sensitive_attributes": [],
          "private": "eyJlMmJmYjczMC1lY2FhLTExZTYtOGY4OC0zNDM2M2JjN2M0YzAiOnsiY3JlYXRlIjoxMjAwMDAwMDAwMDAwLCJkZWxldGUiOjEyMDAwMDAwMDAwMDAsInVwZGF0ZSI6MTIwMDAwMDAwMDAwMH19",
          "dependencies": [
            "module.project_ops.data.google_compute_default_service_account.default",
            "module.project_ops.google_project_iam_member.project_service_identity_roles",
            "module.project_ops.google_project_service.project_services",
            "module.project_ops.google_project_service_identity.project_service_identities",
            "module.service_accounts.google_project_iam_member.artifactregistry_admin",
            "module.service_accounts.google_project_iam_member.cloud_build_editor",
            "module.service_accounts.google_project_iam_member.cloudsql_admin",
            "module.service_accounts.google_project_iam_member.logs_writer",
            "module.service_accounts.google_project_iam_member.network_admin",
            "module.service_accounts.google_project_iam_member.run_admin",
            "module.service_accounts.google_project_iam_member.serviceAccount_admin",
            "module.service_accounts.google_project_iam_member.service_account_creator",
            "module.service_accounts.google_project_iam_member.service_usage_admin",
            "module.service_accounts.google_project_iam_member.servicemanagement_admin",
            "module.service_accounts.google_project_iam_member.storage_admin",
            "module.service_accounts.google_project_iam_member.vpcaccess_admin",
            "module.service_accounts.google_service_account.terraform_service_account"
          ],
          "create_before_destroy": true
        }
      ]
    },
    {
      "module": "module.project_ops",
      "mode": "managed",
      "type": "google_project_service",
      "name": "project_services",
      "provider": "provider[\"registry.terraform.io/hashicorp/google\"]",
      "instances": [
        {
          "index_key": "admin.googleapis.com",
          "schema_version": 0,
          "attributes": {
            "disable_dependent_services": true,
            "disable_on_destroy": true,
            "id": "socio-torcedor-api/admin.googleapis.com",
            "project": "socio-torcedor-api",
            "service": "admin.googleapis.com",
            "timeouts": null
          },
          "sensitive_attributes": [],
          "private": "eyJlMmJmYjczMC1lY2FhLTExZTYtOGY4OC0zNDM2M2JjN2M0YzAiOnsiY3JlYXRlIjoxMjAwMDAwMDAwMDAwLCJkZWxldGUiOjEyMDAwMDAwMDAwMDAsInJlYWQiOjYwMDAwMDAwMDAwMCwidXBkYXRlIjoxMjAwMDAwMDAwMDAwfX0=",
          "create_before_destroy": true
        },
        {
          "index_key": "artifactregistry.googleapis.com",
          "schema_version": 0,
          "attributes": {
            "disable_dependent_services": true,
            "disable_on_destroy": true,
            "id": "socio-torcedor-api/artifactregistry.googleapis.com",
            "project": "socio-torcedor-api",
            "service": "artifactregistry.googleapis.com",
            "timeouts": null
          },
          "sensitive_attributes": [],
          "private": "eyJlMmJmYjczMC1lY2FhLTExZTYtOGY4OC0zNDM2M2JjN2M0YzAiOnsiY3JlYXRlIjoxMjAwMDAwMDAwMDAwLCJkZWxldGUiOjEyMDAwMDAwMDAwMDAsInJlYWQiOjYwMDAwMDAwMDAwMCwidXBkYXRlIjoxMjAwMDAwMDAwMDAwfX0=",
          "create_before_destroy": true
        },
        {
          "index_key": "cloudresourcemanager.googleapis.com",
          "schema_version": 0,
          "attributes": {
            "disable_dependent_services": true,
            "disable_on_destroy": true,
            "id": "socio-torcedor-api/cloudresourcemanager.googleapis.com",
            "project": "socio-torcedor-api",
            "service": "cloudresourcemanager.googleapis.com",
            "timeouts": null
          },
          "sensitive_attributes": [],
          "private": "eyJlMmJmYjczMC1lY2FhLTExZTYtOGY4OC0zNDM2M2JjN2M0YzAiOnsiY3JlYXRlIjoxMjAwMDAwMDAwMDAwLCJkZWxldGUiOjEyMDAwMDAwMDAwMDAsInJlYWQiOjYwMDAwMDAwMDAwMCwidXBkYXRlIjoxMjAwMDAwMDAwMDAwfX0=",
          "create_before_destroy": true
        },
        {
          "index_key": "container.googleapis.com",
          "schema_version": 0,
          "attributes": {
            "disable_dependent_services": true,
            "disable_on_destroy": true,
            "id": "socio-torcedor-api/container.googleapis.com",
            "project": "socio-torcedor-api",
            "service": "container.googleapis.com",
            "timeouts": null
          },
          "sensitive_attributes": [],
          "private": "eyJlMmJmYjczMC1lY2FhLTExZTYtOGY4OC0zNDM2M2JjN2M0YzAiOnsiY3JlYXRlIjoxMjAwMDAwMDAwMDAwLCJkZWxldGUiOjEyMDAwMDAwMDAwMDAsInJlYWQiOjYwMDAwMDAwMDAwMCwidXBkYXRlIjoxMjAwMDAwMDAwMDAwfX0=",
          "create_before_destroy": true
        },
        {
          "index_key": "iam.googleapis.com",
          "schema_version": 0,
          "attributes": {
            "disable_dependent_services": true,
            "disable_on_destroy": true,
            "id": "socio-torcedor-api/iam.googleapis.com",
            "project": "socio-torcedor-api",
            "service": "iam.googleapis.com",
            "timeouts": null
          },
          "sensitive_attributes": [],
          "private": "eyJlMmJmYjczMC1lY2FhLTExZTYtOGY4OC0zNDM2M2JjN2M0YzAiOnsiY3JlYXRlIjoxMjAwMDAwMDAwMDAwLCJkZWxldGUiOjEyMDAwMDAwMDAwMDAsInJlYWQiOjYwMDAwMDAwMDAwMCwidXBkYXRlIjoxMjAwMDAwMDAwMDAwfX0=",
          "create_before_destroy": true
        },
        {
          "index_key": "run.googleapis.com",
          "schema_version": 0,
          "attributes": {
            "disable_dependent_services": true,
            "disable_on_destroy": true,
            "id": "socio-torcedor-api/run.googleapis.com",
            "project": "socio-torcedor-api",
            "service": "run.googleapis.com",
            "timeouts": null
          },
          "sensitive_attributes": [],
          "private": "eyJlMmJmYjczMC1lY2FhLTExZTYtOGY4OC0zNDM2M2JjN2M0YzAiOnsiY3JlYXRlIjoxMjAwMDAwMDAwMDAwLCJkZWxldGUiOjEyMDAwMDAwMDAwMDAsInJlYWQiOjYwMDAwMDAwMDAwMCwidXBkYXRlIjoxMjAwMDAwMDAwMDAwfX0=",
          "create_before_destroy": true
        },
        {
          "index_key": "secretmanager.googleapis.com",
          "schema_version": 0,
          "attributes": {
            "disable_dependent_services": true,
            "disable_on_destroy": true,
            "id": "socio-torcedor-api/secretmanager.googleapis.com",
            "project": "socio-torcedor-api",
            "service": "secretmanager.googleapis.com",
            "timeouts": null
          },
          "sensitive_attributes": [],
          "private": "eyJlMmJmYjczMC1lY2FhLTExZTYtOGY4OC0zNDM2M2JjN2M0YzAiOnsiY3JlYXRlIjoxMjAwMDAwMDAwMDAwLCJkZWxldGUiOjEyMDAwMDAwMDAwMDAsInJlYWQiOjYwMDAwMDAwMDAwMCwidXBkYXRlIjoxMjAwMDAwMDAwMDAwfX0=",
          "create_before_destroy": true
        },
        {
          "index_key": "servicecontrol.googleapis.com",
          "schema_version": 0,
          "attributes": {
            "disable_dependent_services": true,
            "disable_on_destroy": true,
            "id": "socio-torcedor-api/servicecontrol.googleapis.com",
            "project": "socio-torcedor-api",
            "service": "servicecontrol.googleapis.com",
            "timeouts": null
          },
          "sensitive_attributes": [],
          "private": "eyJlMmJmYjczMC1lY2FhLTExZTYtOGY4OC0zNDM2M2JjN2M0YzAiOnsiY3JlYXRlIjoxMjAwMDAwMDAwMDAwLCJkZWxldGUiOjEyMDAwMDAwMDAwMDAsInJlYWQiOjYwMDAwMDAwMDAwMCwidXBkYXRlIjoxMjAwMDAwMDAwMDAwfX0=",
          "create_before_destroy": true
        },
        {
          "index_key": "servicemanagement.googleapis.com",
          "schema_version": 0,
          "attributes": {
            "disable_dependent_services": true,
            "disable_on_destroy": true,
            "id": "socio-torcedor-api/servicemanagement.googleapis.com",
            "project": "socio-torcedor-api",
            "service": "servicemanagement.googleapis.com",
            "timeouts": null
          },
          "sensitive_attributes": [],
          "private": "eyJlMmJmYjczMC1lY2FhLTExZTYtOGY4OC0zNDM2M2JjN2M0YzAiOnsiY3JlYXRlIjoxMjAwMDAwMDAwMDAwLCJkZWxldGUiOjEyMDAwMDAwMDAwMDAsInJlYWQiOjYwMDAwMDAwMDAwMCwidXBkYXRlIjoxMjAwMDAwMDAwMDAwfX0=",
          "create_before_destroy": true
        },
        {
          "index_key": "servicenetworking.googleapis.com",
          "schema_version": 0,
          "attributes": {
            "disable_dependent_services": true,
            "disable_on_destroy": true,
            "id": "socio-torcedor-api/servicenetworking.googleapis.com",
            "project": "socio-torcedor-api",
            "service": "servicenetworking.googleapis.com",
            "timeouts": null
          },
          "sensitive_attributes": [],
          "private": "eyJlMmJmYjczMC1lY2FhLTExZTYtOGY4OC0zNDM2M2JjN2M0YzAiOnsiY3JlYXRlIjoxMjAwMDAwMDAwMDAwLCJkZWxldGUiOjEyMDAwMDAwMDAwMDAsInJlYWQiOjYwMDAwMDAwMDAwMCwidXBkYXRlIjoxMjAwMDAwMDAwMDAwfX0=",
          "create_before_destroy": true
        },
        {
          "index_key": "sql-component.googleapis.com",
          "schema_version": 0,
          "attributes": {
            "disable_dependent_services": true,
            "disable_on_destroy": true,
            "id": "socio-torcedor-api/sql-component.googleapis.com",
            "project": "socio-torcedor-api",
            "service": "sql-component.googleapis.com",
            "timeouts": null
          },
          "sensitive_attributes": [],
          "private": "eyJlMmJmYjczMC1lY2FhLTExZTYtOGY4OC0zNDM2M2JjN2M0YzAiOnsiY3JlYXRlIjoxMjAwMDAwMDAwMDAwLCJkZWxldGUiOjEyMDAwMDAwMDAwMDAsInJlYWQiOjYwMDAwMDAwMDAwMCwidXBkYXRlIjoxMjAwMDAwMDAwMDAwfX0=",
          "create_before_destroy": true
        },
        {
          "index_key": "sqladmin.googleapis.com",
          "schema_version": 0,
          "attributes": {
            "disable_dependent_services": true,
            "disable_on_destroy": true,
            "id": "socio-torcedor-api/sqladmin.googleapis.com",
            "project": "socio-torcedor-api",
            "service": "sqladmin.googleapis.com",
            "timeouts": null
          },
          "sensitive_attributes": [],
          "private": "eyJlMmJmYjczMC1lY2FhLTExZTYtOGY4OC0zNDM2M2JjN2M0YzAiOnsiY3JlYXRlIjoxMjAwMDAwMDAwMDAwLCJkZWxldGUiOjEyMDAwMDAwMDAwMDAsInJlYWQiOjYwMDAwMDAwMDAwMCwidXBkYXRlIjoxMjAwMDAwMDAwMDAwfX0=",
          "create_before_destroy": true
        },
        {
          "index_key": "storage.googleapis.com",
          "schema_version": 0,
          "attributes": {
            "disable_dependent_services": true,
            "disable_on_destroy": true,
            "id": "socio-torcedor-api/storage.googleapis.com",
            "project": "socio-torcedor-api",
            "service": "storage.googleapis.com",
            "timeouts": null
          },
          "sensitive_attributes": [],
          "private": "eyJlMmJmYjczMC1lY2FhLTExZTYtOGY4OC0zNDM2M2JjN2M0YzAiOnsiY3JlYXRlIjoxMjAwMDAwMDAwMDAwLCJkZWxldGUiOjEyMDAwMDAwMDAwMDAsInJlYWQiOjYwMDAwMDAwMDAwMCwidXBkYXRlIjoxMjAwMDAwMDAwMDAwfX0=",
          "create_before_destroy": true
        },
        {
          "index_key": "vpcaccess.googleapis.com",
          "schema_version": 0,
          "attributes": {
            "disable_dependent_services": true,
            "disable_on_destroy": true,
            "id": "socio-torcedor-api/vpcaccess.googleapis.com",
            "project": "socio-torcedor-api",
            "service": "vpcaccess.googleapis.com",
            "timeouts": null
          },
          "sensitive_attributes": [],
          "private": "eyJlMmJmYjczMC1lY2FhLTExZTYtOGY4OC0zNDM2M2JjN2M0YzAiOnsiY3JlYXRlIjoxMjAwMDAwMDAwMDAwLCJkZWxldGUiOjEyMDAwMDAwMDAwMDAsInJlYWQiOjYwMDAwMDAwMDAwMCwidXBkYXRlIjoxMjAwMDAwMDAwMDAwfX0=",
          "create_before_destroy": true
        }
      ]
    },
    {
      "module": "module.service_accounts",
      "mode": "managed",
      "type": "google_project_iam_member",
      "name": "artifactregistry_admin",
      "provider": "provider[\"registry.terraform.io/hashicorp/google\"]",
      "instances": [
        {
          "schema_version": 0,
          "attributes": {
            "condition": [],
            "etag": "BwX5d1Od+9c=",
            "id": "socio-torcedor-api/roles/artifactregistry.admin/serviceAccount:socio-torcedor-api-terraform@socio-torcedor-api.iam.gserviceaccount.com",
            "member": "serviceAccount:socio-torcedor-api-terraform@socio-torcedor-api.iam.gserviceaccount.com",
            "project": "socio-torcedor-api",
            "role": "roles/artifactregistry.admin"
          },
          "sensitive_attributes": [],
          "private": "bnVsbA==",
          "dependencies": [
            "module.project_ops.data.google_compute_default_service_account.default",
            "module.project_ops.google_project_iam_member.project_service_identity_roles",
            "module.project_ops.google_project_service.project_services",
            "module.project_ops.google_project_service_identity.project_service_identities",
            "module.service_accounts.google_service_account.terraform_service_account"
          ],
          "create_before_destroy": true
        }
      ]
    },
    {
      "module": "module.service_accounts",
      "mode": "managed",
      "type": "google_project_iam_member",
      "name": "cloud_build_editor",
      "provider": "provider[\"registry.terraform.io/hashicorp/google\"]",
      "instances": [
        {
          "schema_version": 0,
          "attributes": {
            "condition": [],
            "etag": "BwX5d1Od+9c=",
            "id": "socio-torcedor-api/roles/cloudbuild.builds.editor/serviceAccount:socio-torcedor-api-terraform@socio-torcedor-api.iam.gserviceaccount.com",
            "member": "serviceAccount:socio-torcedor-api-terraform@socio-torcedor-api.iam.gserviceaccount.com",
            "project": "socio-torcedor-api",
            "role": "roles/cloudbuild.builds.editor"
          },
          "sensitive_attributes": [],
          "private": "bnVsbA==",
          "dependencies": [
            "module.project_ops.data.google_compute_default_service_account.default",
            "module.project_ops.google_project_iam_member.project_service_identity_roles",
            "module.project_ops.google_project_service.project_services",
            "module.project_ops.google_project_service_identity.project_service_identities",
            "module.service_accounts.google_service_account.terraform_service_account"
          ],
          "create_before_destroy": true
        }
      ]
    },
    {
      "module": "module.service_accounts",
      "mode": "managed",
      "type": "google_project_iam_member",
      "name": "cloudsql_admin",
      "provider": "provider[\"registry.terraform.io/hashicorp/google\"]",
      "instances": [
        {
          "schema_version": 0,
          "attributes": {
            "condition": [],
            "etag": "BwX5d1Od+9c=",
            "id": "socio-torcedor-api/roles/cloudsql.admin/serviceAccount:socio-torcedor-api-terraform@socio-torcedor-api.iam.gserviceaccount.com",
            "member": "serviceAccount:socio-torcedor-api-terraform@socio-torcedor-api.iam.gserviceaccount.com",
            "project": "socio-torcedor-api",
            "role": "roles/cloudsql.admin"
          },
          "sensitive_attributes": [],
          "private": "bnVsbA==",
          "dependencies": [
            "module.project_ops.data.google_compute_default_service_account.default",
            "module.project_ops.google_project_iam_member.project_service_identity_roles",
            "module.project_ops.google_project_service.project_services",
            "module.project_ops.google_project_service_identity.project_service_identities",
            "module.service_accounts.google_service_account.terraform_service_account"
          ],
          "create_before_destroy": true
        }
      ]
    },
    {
      "module": "module.service_accounts",
      "mode": "managed",
      "type": "google_project_iam_member",
      "name": "logs_writer",
      "provider": "provider[\"registry.terraform.io/hashicorp/google\"]",
      "instances": [
        {
          "schema_version": 0,
          "attributes": {
            "condition": [],
            "etag": "BwX5d1Od+9c=",
            "id": "socio-torcedor-api/roles/logging.logWriter/serviceAccount:socio-torcedor-api-terraform@socio-torcedor-api.iam.gserviceaccount.com",
            "member": "serviceAccount:socio-torcedor-api-terraform@socio-torcedor-api.iam.gserviceaccount.com",
            "project": "socio-torcedor-api",
            "role": "roles/logging.logWriter"
          },
          "sensitive_attributes": [],
          "private": "bnVsbA==",
          "dependencies": [
            "module.project_ops.data.google_compute_default_service_account.default",
            "module.project_ops.google_project_iam_member.project_service_identity_roles",
            "module.project_ops.google_project_service.project_services",
            "module.project_ops.google_project_service_identity.project_service_identities",
            "module.service_accounts.google_service_account.terraform_service_account"
          ],
          "create_before_destroy": true
        }
      ]
    },
    {
      "module": "module.service_accounts",
      "mode": "managed",
      "type": "google_project_iam_member",
      "name": "network_admin",
      "provider": "provider[\"registry.terraform.io/hashicorp/google\"]",
      "instances": [
        {
          "schema_version": 0,
          "attributes": {
            "condition": [],
            "etag": "BwX5d1Od+9c=",
            "id": "socio-torcedor-api/roles/compute.networkAdmin/serviceAccount:socio-torcedor-api-terraform@socio-torcedor-api.iam.gserviceaccount.com",
            "member": "serviceAccount:socio-torcedor-api-terraform@socio-torcedor-api.iam.gserviceaccount.com",
            "project": "socio-torcedor-api",
            "role": "roles/compute.networkAdmin"
          },
          "sensitive_attributes": [],
          "private": "bnVsbA==",
          "dependencies": [
            "module.project_ops.data.google_compute_default_service_account.default",
            "module.project_ops.google_project_iam_member.project_service_identity_roles",
            "module.project_ops.google_project_service.project_services",
            "module.project_ops.google_project_service_identity.project_service_identities",
            "module.service_accounts.google_service_account.terraform_service_account"
          ],
          "create_before_destroy": true
        }
      ]
    },
    {
      "module": "module.service_accounts",
      "mode": "managed",
      "type": "google_project_iam_member",
      "name": "run_admin",
      "provider": "provider[\"registry.terraform.io/hashicorp/google\"]",
      "instances": [
        {
          "schema_version": 0,
          "attributes": {
            "condition": [],
            "etag": "BwX5d1Od+9c=",
            "id": "socio-torcedor-api/roles/run.admin/serviceAccount:socio-torcedor-api-terraform@socio-torcedor-api.iam.gserviceaccount.com",
            "member": "serviceAccount:socio-torcedor-api-terraform@socio-torcedor-api.iam.gserviceaccount.com",
            "project": "socio-torcedor-api",
            "role": "roles/run.admin"
          },
          "sensitive_attributes": [],
          "private": "bnVsbA==",
          "dependencies": [
            "module.project_ops.data.google_compute_default_service_account.default",
            "module.project_ops.google_project_iam_member.project_service_identity_roles",
            "module.project_ops.google_project_service.project_services",
            "module.project_ops.google_project_service_identity.project_service_identities",
            "module.service_accounts.google_service_account.terraform_service_account"
          ],
          "create_before_destroy": true
        }
      ]
    },
    {
      "module": "module.service_accounts",
      "mode": "managed",
      "type": "google_project_iam_member",
      "name": "serviceAccount_admin",
      "provider": "provider[\"registry.terraform.io/hashicorp/google\"]",
      "instances": [
        {
          "schema_version": 0,
          "attributes": {
            "condition": [],
            "etag": "BwX5d1Od+9c=",
            "id": "socio-torcedor-api/roles/iam.serviceAccountAdmin/serviceAccount:socio-torcedor-api-terraform@socio-torcedor-api.iam.gserviceaccount.com",
            "member": "serviceAccount:socio-torcedor-api-terraform@socio-torcedor-api.iam.gserviceaccount.com",
            "project": "socio-torcedor-api",
            "role": "roles/iam.serviceAccountAdmin"
          },
          "sensitive_attributes": [],
          "private": "bnVsbA==",
          "dependencies": [
            "module.project_ops.data.google_compute_default_service_account.default",
            "module.project_ops.google_project_iam_member.project_service_identity_roles",
            "module.project_ops.google_project_service.project_services",
            "module.project_ops.google_project_service_identity.project_service_identities",
            "module.service_accounts.google_service_account.terraform_service_account"
          ],
          "create_before_destroy": true
        }
      ]
    },
    {
      "module": "module.service_accounts",
      "mode": "managed",
      "type": "google_project_iam_member",
      "name": "service_account_creator",
      "provider": "provider[\"registry.terraform.io/hashicorp/google\"]",
      "instances": [
        {
          "schema_version": 0,
          "attributes": {
            "condition": [],
            "etag": "BwX5d1Od+9c=",
            "id": "socio-torcedor-api/roles/iam.serviceAccountCreator/serviceAccount:socio-torcedor-api-terraform@socio-torcedor-api.iam.gserviceaccount.com",
            "member": "serviceAccount:socio-torcedor-api-terraform@socio-torcedor-api.iam.gserviceaccount.com",
            "project": "socio-torcedor-api",
            "role": "roles/iam.serviceAccountCreator"
          },
          "sensitive_attributes": [],
          "private": "bnVsbA==",
          "dependencies": [
            "module.project_ops.data.google_compute_default_service_account.default",
            "module.project_ops.google_project_iam_member.project_service_identity_roles",
            "module.project_ops.google_project_service.project_services",
            "module.project_ops.google_project_service_identity.project_service_identities",
            "module.service_accounts.google_service_account.terraform_service_account"
          ],
          "create_before_destroy": true
        }
      ]
    },
    {
      "module": "module.service_accounts",
      "mode": "managed",
      "type": "google_project_iam_member",
      "name": "service_usage_admin",
      "provider": "provider[\"registry.terraform.io/hashicorp/google\"]",
      "instances": [
        {
          "schema_version": 0,
          "attributes": {
            "condition": [],
            "etag": "BwX5d1Od+9c=",
            "id": "socio-torcedor-api/roles/serviceusage.serviceUsageAdmin/serviceAccount:socio-torcedor-api-terraform@socio-torcedor-api.iam.gserviceaccount.com",
            "member": "serviceAccount:socio-torcedor-api-terraform@socio-torcedor-api.iam.gserviceaccount.com",
            "project": "socio-torcedor-api",
            "role": "roles/serviceusage.serviceUsageAdmin"
          },
          "sensitive_attributes": [],
          "private": "bnVsbA==",
          "dependencies": [
            "module.project_ops.data.google_compute_default_service_account.default",
            "module.project_ops.google_project_iam_member.project_service_identity_roles",
            "module.project_ops.google_project_service.project_services",
            "module.project_ops.google_project_service_identity.project_service_identities",
            "module.service_accounts.google_service_account.terraform_service_account"
          ],
          "create_before_destroy": true
        }
      ]
    },
    {
      "module": "module.service_accounts",
      "mode": "managed",
      "type": "google_project_iam_member",
      "name": "servicemanagement_admin",
      "provider": "provider[\"registry.terraform.io/hashicorp/google\"]",
      "instances": [
        {
          "schema_version": 0,
          "attributes": {
            "condition": [],
            "etag": "BwX5d1Od+9c=",
            "id": "socio-torcedor-api/roles/servicemanagement.admin/serviceAccount:socio-torcedor-api-terraform@socio-torcedor-api.iam.gserviceaccount.com",
            "member": "serviceAccount:socio-torcedor-api-terraform@socio-torcedor-api.iam.gserviceaccount.com",
            "project": "socio-torcedor-api",
            "role": "roles/servicemanagement.admin"
          },
          "sensitive_attributes": [],
          "private": "bnVsbA==",
          "dependencies": [
            "module.project_ops.data.google_compute_default_service_account.default",
            "module.project_ops.google_project_iam_member.project_service_identity_roles",
            "module.project_ops.google_project_service.project_services",
            "module.project_ops.google_project_service_identity.project_service_identities",
            "module.service_accounts.google_service_account.terraform_service_account"
          ],
          "create_before_destroy": true
        }
      ]
    },
    {
      "module": "module.service_accounts",
      "mode": "managed",
      "type": "google_project_iam_member",
      "name": "storage_admin",
      "provider": "provider[\"registry.terraform.io/hashicorp/google\"]",
      "instances": [
        {
          "schema_version": 0,
          "attributes": {
            "condition": [],
            "etag": "BwX5d1Od+9c=",
            "id": "socio-torcedor-api/roles/storage.admin/serviceAccount:socio-torcedor-api-terraform@socio-torcedor-api.iam.gserviceaccount.com",
            "member": "serviceAccount:socio-torcedor-api-terraform@socio-torcedor-api.iam.gserviceaccount.com",
            "project": "socio-torcedor-api",
            "role": "roles/storage.admin"
          },
          "sensitive_attributes": [],
          "private": "bnVsbA==",
          "dependencies": [
            "module.project_ops.data.google_compute_default_service_account.default",
            "module.project_ops.google_project_iam_member.project_service_identity_roles",
            "module.project_ops.google_project_service.project_services",
            "module.project_ops.google_project_service_identity.project_service_identities",
            "module.service_accounts.google_service_account.terraform_service_account"
          ],
          "create_before_destroy": true
        }
      ]
    },
    {
      "module": "module.service_accounts",
      "mode": "managed",
      "type": "google_project_iam_member",
      "name": "vpcaccess_admin",
      "provider": "provider[\"registry.terraform.io/hashicorp/google\"]",
      "instances": [
        {
          "schema_version": 0,
          "attributes": {
            "condition": [],
            "etag": "BwX5d1Od+9c=",
            "id": "socio-torcedor-api/roles/vpcaccess.admin/serviceAccount:socio-torcedor-api-terraform@socio-torcedor-api.iam.gserviceaccount.com",
            "member": "serviceAccount:socio-torcedor-api-terraform@socio-torcedor-api.iam.gserviceaccount.com",
            "project": "socio-torcedor-api",
            "role": "roles/vpcaccess.admin"
          },
          "sensitive_attributes": [],
          "private": "bnVsbA==",
          "dependencies": [
            "module.project_ops.data.google_compute_default_service_account.default",
            "module.project_ops.google_project_iam_member.project_service_identity_roles",
            "module.project_ops.google_project_service.project_services",
            "module.project_ops.google_project_service_identity.project_service_identities",
            "module.service_accounts.google_service_account.terraform_service_account"
          ],
          "create_before_destroy": true
        }
      ]
    },
    {
      "module": "module.service_accounts",
      "mode": "managed",
      "type": "google_service_account",
      "name": "terraform_service_account",
      "provider": "provider[\"registry.terraform.io/hashicorp/google\"]",
      "instances": [
        {
          "schema_version": 0,
          "attributes": {
            "account_id": "socio-torcedor-api-terraform",
            "description": "",
            "disabled": false,
            "display_name": "Cloud Build Service Account para OPS",
            "email": "socio-torcedor-api-terraform@socio-torcedor-api.iam.gserviceaccount.com",
            "id": "projects/socio-torcedor-api/serviceAccounts/socio-torcedor-api-terraform@socio-torcedor-api.iam.gserviceaccount.com",
            "member": "serviceAccount:socio-torcedor-api-terraform@socio-torcedor-api.iam.gserviceaccount.com",
            "name": "projects/socio-torcedor-api/serviceAccounts/socio-torcedor-api-terraform@socio-torcedor-api.iam.gserviceaccount.com",
            "project": "socio-torcedor-api",
            "timeouts": null,
            "unique_id": "115220265355074638466"
          },
          "sensitive_attributes": [],
          "private": "eyJlMmJmYjczMC1lY2FhLTExZTYtOGY4OC0zNDM2M2JjN2M0YzAiOnsiY3JlYXRlIjozMDAwMDAwMDAwMDB9fQ==",
          "dependencies": [
            "module.project_ops.data.google_compute_default_service_account.default",
            "module.project_ops.google_project_iam_member.project_service_identity_roles",
            "module.project_ops.google_project_service.project_services",
            "module.project_ops.google_project_service_identity.project_service_identities"
          ],
          "create_before_destroy": true
        }
      ]
    }
  ],
  "check_results": null
}
